PODS:
  - BarcodeScanner (2.1.2)
  - Firebase/Core (4.7.0):
    - FirebaseAnalytics (= 4.0.5)
    - FirebaseCore (= 4.0.12)
  - Firebase/Messaging (4.7.0):
    - Firebase/Core
    - FirebaseMessaging (= 2.0.7)
  - FirebaseAnalytics (4.0.5):
    - FirebaseCore (~> 4.0)
    - FirebaseInstanceID (~> 2.0)
    - GoogleToolboxForMac/NSData+zlib (~> 2.1)
    - nanopb (~> 0.3)
  - FirebaseCore (4.0.12):
    - GoogleToolboxForMac/NSData+zlib (~> 2.1)
  - FirebaseInstanceID (2.0.7)
  - FirebaseMessaging (2.0.7):
    - FirebaseAnalytics (~> 4.0)
    - FirebaseCore (~> 4.0)
    - FirebaseInstanceID (~> 2.0)
    - GoogleToolboxForMac/Logger (~> 2.1)
    - Protobuf (~> 3.1)
  - GoogleToolboxForMac/Defines (2.1.3)
  - GoogleToolboxForMac/Logger (2.1.3):
    - GoogleToolboxForMac/Defines (= 2.1.3)
  - GoogleToolboxForMac/NSData+zlib (2.1.3):
    - GoogleToolboxForMac/Defines (= 2.1.3)
  - IQKeyboardManagerSwift (5.0.0)
  - MaterialComponents/Buttons (42.0.0):
    - MaterialComponents/Buttons/ColorThemer (= 42.0.0)
    - MaterialComponents/Buttons/Component (= 42.0.0)
    - MaterialComponents/Buttons/TitleColorAccessibilityMutator (= 42.0.0)
    - MaterialComponents/private/Math
  - MaterialComponents/Buttons/ColorThemer (42.0.0):
    - MaterialComponents/Buttons/Component
    - MaterialComponents/private/Math
    - MaterialComponents/Themes
  - MaterialComponents/Buttons/Component (42.0.0):
    - MaterialComponents/Ink
    - MaterialComponents/private/Math
    - MaterialComponents/ShadowElevations
    - MaterialComponents/ShadowLayer
    - MaterialComponents/Typography
    - MDFInternationalization
    - MDFTextAccessibility
  - MaterialComponents/Buttons/TitleColorAccessibilityMutator (42.0.0):
    - MaterialComponents/Buttons/Component
    - MaterialComponents/private/Math
    - MDFTextAccessibility
  - MaterialComponents/Ink (42.0.0):
    - MaterialComponents/Ink/ColorThemer (= 42.0.0)
    - MaterialComponents/Ink/Component (= 42.0.0)
  - MaterialComponents/Ink/ColorThemer (42.0.0):
    - MaterialComponents/Ink/Component
    - MaterialComponents/Themes
  - MaterialComponents/Ink/Component (42.0.0):
    - MaterialComponents/private/Math
  - MaterialComponents/private/Application (42.0.0)
  - MaterialComponents/private/Math (42.0.0)
  - MaterialComponents/ShadowElevations (42.0.0)
  - MaterialComponents/ShadowLayer (42.0.0):
    - MaterialComponents/ShadowElevations
  - MaterialComponents/Themes (42.0.0)
  - MaterialComponents/Typography (42.0.0):
    - MaterialComponents/private/Application
  - MDFInternationalization (1.0.4)
  - MDFTextAccessibility (1.2.0)
  - nanopb (0.3.8):
    - nanopb/decode (= 0.3.8)
    - nanopb/encode (= 0.3.8)
  - nanopb/decode (0.3.8)
  - nanopb/encode (0.3.8)
  - Protobuf (3.5.0)
  - SCLAlertView (0.7.0)
  - SDWebImage (4.2.2):
    - SDWebImage/Core (= 4.2.2)
  - SDWebImage/Core (4.2.2)
  - SkyFloatingLabelTextField (3.4.0)
  - XLPagerTabStrip (8.0.0)
  - YNDropDownMenu (3.0.1)

DEPENDENCIES:
  - BarcodeScanner (~> 2.1.2)
  - Firebase/Core
  - Firebase/Messaging
  - IQKeyboardManagerSwift (= 5.0.0)
  - MaterialComponents/Buttons
  - SCLAlertView
  - SDWebImage
  - SkyFloatingLabelTextField (~> 3.0)
  - XLPagerTabStrip (~> 8.0)
  - YNDropDownMenu

SPEC CHECKSUMS:
  BarcodeScanner: 84b6e5c75b7efad823381ee9bde846b13171a009
  Firebase: dbfb98ccec2dcfcd21ab9cc1b4981a3f3c8c5e26
  FirebaseAnalytics: 5b02a63ead2c3f0259cfc7f15e053e440587ecf8
  FirebaseCore: 6cf108b63997bc08c04a1ffa55a3ac0d71a59ffc
  FirebaseInstanceID: 148c25c986c8699e67304b114e365713dce467f2
  FirebaseMessaging: 1a11d1c0a9ed9b3f75a0685bb0ae5932e1062f5f
  GoogleToolboxForMac: 2501e2ad72a52eb3dfe7bd9aee7dad11b858bd20
  IQKeyboardManagerSwift: 3f340202ebe1a7076279b9b9b3c817243ddb3aab
  MaterialComponents: cb196890171008087c38fe21a1528e745c9807c2
  MDFInternationalization: e355b0cebecf53d60233bd267084e49366c82513
  MDFTextAccessibility: 94098925e0853551c5a311ce7c1ecefbe297cdb6
  nanopb: 5601e6bca2dbf1ed831b519092ec110f66982ca3
  Protobuf: 8a9838fba8dae3389230e1b7f8c104aa32389c03
  SCLAlertView: 8a14ffc40590c619e183eed2298b854385f30be1
  SDWebImage: 89a9d32cd520bbb46eb14e541d5109b3564af198
  SkyFloatingLabelTextField: 703aa1420b697392b1e7dba25571180dde018477
  XLPagerTabStrip: d1ab378af0923320ec0b5eab11d7b2f803d31261
  YNDropDownMenu: 967ebe0c633ce8f40e8667574525aa230ba24560

PODFILE CHECKSUM: 49b44b49df79d61d1c0e3e69a4c1855087522a7c

COCOAPODS: 1.3.1
