PODS:
  - BarcodeScanner (2.1.2)
  - Bolts (1.8.4):
    - Bolts/AppLinks (= 1.8.4)
    - Bolts/Tasks (= 1.8.4)
  - Bolts/AppLinks (1.8.4):
    - Bolts/Tasks
  - Bolts/Tasks (1.8.4)
  - Crashlytics (3.9.3):
    - Fabric (~> 1.7.2)
  - Fabric (1.7.2)
  - FacebookCore (0.3.0):
    - Bolts (~> 1.8)
    - FBSDKCoreKit (~> 4.27)
  - FacebookLogin (0.3.0):
    - Bolts (~> 1.8)
    - FacebookCore (~> 0.3)
    - FBSDKCoreKit (~> 4.27)
    - FBSDKLoginKit (~> 4.27)
  - FBSDKCoreKit (4.29.0):
    - Bolts (~> 1.7)
  - FBSDKLoginKit (4.29.0):
    - FBSDKCoreKit
  - Firebase/Core (4.7.0):
    - FirebaseAnalytics (= 4.0.5)
    - FirebaseCore (= 4.0.12)
  - FirebaseAnalytics (4.0.5):
    - FirebaseCore (~> 4.0)
    - FirebaseInstanceID (~> 2.0)
    - GoogleToolboxForMac/NSData+zlib (~> 2.1)
    - nanopb (~> 0.3)
  - FirebaseCore (4.0.12):
    - GoogleToolboxForMac/NSData+zlib (~> 2.1)
  - FirebaseInstanceID (2.0.7)
  - GoogleToolboxForMac/Defines (2.1.3)
  - GoogleToolboxForMac/NSData+zlib (2.1.3):
    - GoogleToolboxForMac/Defines (= 2.1.3)
  - HockeySDK (5.0.0):
    - HockeySDK/DefaultLib (= 5.0.0)
  - HockeySDK/DefaultLib (5.0.0)
  - IQKeyboardManagerSwift (5.0.0)
  - nanopb (0.3.8):
    - nanopb/decode (= 0.3.8)
    - nanopb/encode (= 0.3.8)
  - nanopb/decode (0.3.8)
  - nanopb/encode (0.3.8)
  - RxCocoa (4.0.0):
    - RxSwift (~> 4.0)
  - RxSwift (4.0.0)
  - SCLAlertView (0.7.0)
  - SDWebImage (4.2.2):
    - SDWebImage/Core (= 4.2.2)
  - SDWebImage/Core (4.2.2)
  - SkyFloatingLabelTextField (3.4.0)
  - Socket.IO-Client-Swift (11.1.3):
    - StarscreamSocketIO (~> 8.0.5)
  - StarscreamSocketIO (8.0.7)
  - SwiftMessages (4.1.0)
  - SwiftyJSON (4.0.0)
  - XLPagerTabStrip (8.0.0)
  - YNDropDownMenu (3.0.1)

DEPENDENCIES:
  - BarcodeScanner (~> 2.1.2)
  - Crashlytics
  - Fabric
  - FacebookCore
  - FacebookLogin
  - Firebase/Core
  - HockeySDK
  - IQKeyboardManagerSwift (= 5.0.0)
  - RxCocoa
  - RxSwift
  - SCLAlertView
  - SDWebImage
  - SkyFloatingLabelTextField (~> 3.0)
  - Socket.IO-Client-Swift (~> 11.1.3)
  - SwiftMessages
  - SwiftyJSON
  - XLPagerTabStrip (~> 8.0)
  - YNDropDownMenu

SPEC CHECKSUMS:
  BarcodeScanner: 84b6e5c75b7efad823381ee9bde846b13171a009
  Bolts: 8a7995239dbe724f9cba2248b766d48b7ebdd322
  Crashlytics: dbb07d01876c171c5ccbdf7826410380189e452c
  Fabric: 9cd6a848efcf1b8b07497e0b6a2e7d336353ba15
  FacebookCore: 3ffa190a3f1f96cec0e44d3fc221bc322c595ffa
  FacebookLogin: 0af839ea858faef99550d16596b87b4a8e8906e6
  FBSDKCoreKit: 6f139173dc63a1deaff4430a55f2fe5bb222d2af
  FBSDKLoginKit: 56a057ca6822535ea0faa25f57a7c41edb697fd4
  Firebase: dbfb98ccec2dcfcd21ab9cc1b4981a3f3c8c5e26
  FirebaseAnalytics: 5b02a63ead2c3f0259cfc7f15e053e440587ecf8
  FirebaseCore: 6cf108b63997bc08c04a1ffa55a3ac0d71a59ffc
  FirebaseInstanceID: 148c25c986c8699e67304b114e365713dce467f2
  GoogleToolboxForMac: 2501e2ad72a52eb3dfe7bd9aee7dad11b858bd20
  HockeySDK: 82bf8dcbe1af3c87c24dc98924fcf2e2ba5be8c4
  IQKeyboardManagerSwift: 3f340202ebe1a7076279b9b9b3c817243ddb3aab
  nanopb: 5601e6bca2dbf1ed831b519092ec110f66982ca3
  RxCocoa: d62846ca96495d862fa4c59ea7d87e5031d7340e
  RxSwift: fd680d75283beb5e2559486f3c0ff852f0d35334
  SCLAlertView: 8a14ffc40590c619e183eed2298b854385f30be1
  SDWebImage: 89a9d32cd520bbb46eb14e541d5109b3564af198
  SkyFloatingLabelTextField: 703aa1420b697392b1e7dba25571180dde018477
  Socket.IO-Client-Swift: b8e59ddc16bc3609ca2f49a4b50253f095d535c8
  StarscreamSocketIO: 00b54e4208481ca5cef089545353aaf126bae16d
  SwiftMessages: 1bacc783c8f10bdfdc57c14860cae8a1f1fa6591
  SwiftyJSON: 070dabdcb1beb81b247c65ffa3a79dbbfb3b48aa
  XLPagerTabStrip: d1ab378af0923320ec0b5eab11d7b2f803d31261
  YNDropDownMenu: 967ebe0c633ce8f40e8667574525aa230ba24560

PODFILE CHECKSUM: 1379019383c537ee8402a4341fbb12f01b97874e

COCOAPODS: 1.3.1
