// !$*UTF8*$!
{
	archiveVersion = 1;
	classes = {
	};
	objectVersion = 46;
	objects = {

/* Begin PBXBuildFile section */
		3808F92C4AE1F8421B70B99A /* Pods_PawTrails.framework in Frameworks */ = {isa = PBXBuildFile; fileRef = D38C295A9EECD1391940C8D3 /* Pods_PawTrails.framework */; };
		440BB7601E5DE63B00D2D68B /* SafeZoneViewController.swift in Sources */ = {isa = PBXBuildFile; fileRef = 440BB75F1E5DE63B00D2D68B /* SafeZoneViewController.swift */; };
		440C5E181E701643000C3827 /* EmojiManager.swift in Sources */ = {isa = PBXBuildFile; fileRef = 440C5E171E701643000C3827 /* EmojiManager.swift */; };
		440CEE581E3B983700F58A09 /* InitialViewController.swift in Sources */ = {isa = PBXBuildFile; fileRef = 440CEE571E3B983700F58A09 /* InitialViewController.swift */; };
		440CEE5A1E3B9AA300F58A09 /* InitialPresenter.swift in Sources */ = {isa = PBXBuildFile; fileRef = 440CEE591E3B9AA300F58A09 /* InitialPresenter.swift */; };
		440CEE5C1E3B9B1900F58A09 /* HomeViewController.swift in Sources */ = {isa = PBXBuildFile; fileRef = 440CEE5B1E3B9B1900F58A09 /* HomeViewController.swift */; };
		4415FF431E3B822900A81B13 /* AppDelegate.swift in Sources */ = {isa = PBXBuildFile; fileRef = 4415FF421E3B822900A81B13 /* AppDelegate.swift */; };
		4415FF481E3B822900A81B13 /* Main.storyboard in Resources */ = {isa = PBXBuildFile; fileRef = 4415FF461E3B822900A81B13 /* Main.storyboard */; };
		4415FF4A1E3B822900A81B13 /* Assets.xcassets in Resources */ = {isa = PBXBuildFile; fileRef = 4415FF491E3B822900A81B13 /* Assets.xcassets */; };
		4417E7F41E841600007DDD49 /* Gender.swift in Sources */ = {isa = PBXBuildFile; fileRef = 4417E7F31E841600007DDD49 /* Gender.swift */; };
		441A0D4D1E55AF5200D02CE4 /* SharedPreferences.swift in Sources */ = {isa = PBXBuildFile; fileRef = 441A0D4C1E55AF5200D02CE4 /* SharedPreferences.swift */; };
		441A0D951E55E9D100D02CE4 /* APIManagerTests.swift in Sources */ = {isa = PBXBuildFile; fileRef = 441A0D941E55E9D100D02CE4 /* APIManagerTests.swift */; };
		441A0D971E55EEB700D02CE4 /* AuthManagerTests.swift in Sources */ = {isa = PBXBuildFile; fileRef = 441A0D961E55EEB700D02CE4 /* AuthManagerTests.swift */; };
		44277A0C1E7A987C00B336BD /* LaunchScreen.storyboard in Resources */ = {isa = PBXBuildFile; fileRef = 44277A0A1E7A987C00B336BD /* LaunchScreen.storyboard */; };
		443D2C6A1E6D721000F7ACFA /* PetManager.swift in Sources */ = {isa = PBXBuildFile; fileRef = 443D2C691E6D721000F7ACFA /* PetManager.swift */; };
		443D2C6C1E6D736B00F7ACFA /* LocationManager.swift in Sources */ = {isa = PBXBuildFile; fileRef = 443D2C6B1E6D736B00F7ACFA /* LocationManager.swift */; };
		4440C5CB1E8BA568007A13B1 /* ViewExtensions.swift in Sources */ = {isa = PBXBuildFile; fileRef = 4440C5CA1E8BA568007A13B1 /* ViewExtensions.swift */; };
		4440C5CD1E8BA5D0007A13B1 /* ModelExtensions.swift in Sources */ = {isa = PBXBuildFile; fileRef = 4440C5CC1E8BA5D0007A13B1 /* ModelExtensions.swift */; };
		4440C5CF1E8BA64E007A13B1 /* MapExtensions.swift in Sources */ = {isa = PBXBuildFile; fileRef = 4440C5CE1E8BA64E007A13B1 /* MapExtensions.swift */; };
		44421A2C1E4CB8E7009755BD /* EditProfilePresenter.swift in Sources */ = {isa = PBXBuildFile; fileRef = 44421A2B1E4CB8E7009755BD /* EditProfilePresenter.swift */; };
		44457A2E1E5AF31400B43748 /* AddressTableViewController.swift in Sources */ = {isa = PBXBuildFile; fileRef = 44457A2D1E5AF31400B43748 /* AddressTableViewController.swift */; };
		44485F951E51B12800A3C47D /* PawTrails.xcdatamodeld in Sources */ = {isa = PBXBuildFile; fileRef = 44485F931E51B12800A3C47D /* PawTrails.xcdatamodeld */; };
		44485F971E51B16500A3C47D /* CoreDataManager.swift in Sources */ = {isa = PBXBuildFile; fileRef = 44485F961E51B16500A3C47D /* CoreDataManager.swift */; };
		44485FBD1E52076C00A3C47D /* countrycodes.csv in Resources */ = {isa = PBXBuildFile; fileRef = 44485FBC1E52076C00A3C47D /* countrycodes.csv */; };
		44485FBF1E52079D00A3C47D /* CVSParser.swift in Sources */ = {isa = PBXBuildFile; fileRef = 44485FBE1E52079D00A3C47D /* CVSParser.swift */; };
		44498DFD1E4DBE6700F6D761 /* ChangePasswordPresenter.swift in Sources */ = {isa = PBXBuildFile; fileRef = 44498DFC1E4DBE6700F6D761 /* ChangePasswordPresenter.swift */; };
		44498DFF1E4DC03100F6D761 /* ChangePasswordTableViewController.swift in Sources */ = {isa = PBXBuildFile; fileRef = 44498DFE1E4DC03100F6D761 /* ChangePasswordTableViewController.swift */; };
		444ACEFC1E894AF500A9A086 /* EmailVerificationViewController.swift in Sources */ = {isa = PBXBuildFile; fileRef = 444ACEFB1E894AF500A9A086 /* EmailVerificationViewController.swift */; };
		444AF1DD1E5F024E00C72034 /* PawTrailsTests.swift in Sources */ = {isa = PBXBuildFile; fileRef = 444AF1DC1E5F024E00C72034 /* PawTrailsTests.swift */; };
		444E00CD1E857B2200CAA250 /* SearchManager.swift in Sources */ = {isa = PBXBuildFile; fileRef = 444E00CC1E857B2200CAA250 /* SearchManager.swift */; };
		445A6DC91E896B6F0042736E /* EmailVerificationPresenter.swift in Sources */ = {isa = PBXBuildFile; fileRef = 445A6DC81E896B6F0042736E /* EmailVerificationPresenter.swift */; };
		446548161E5C5CC900458CB7 /* UserManager.swift in Sources */ = {isa = PBXBuildFile; fileRef = 446548151E5C5CC900458CB7 /* UserManager.swift */; };
		4465481E1E5C642000458CB7 /* Extensions.swift in Sources */ = {isa = PBXBuildFile; fileRef = 4465481D1E5C642000458CB7 /* Extensions.swift */; };
		446548221E5C8E9600458CB7 /* DataManagerTest.swift in Sources */ = {isa = PBXBuildFile; fileRef = 446548211E5C8E9600458CB7 /* DataManagerTest.swift */; };
		447440E61E8400CF0069EA85 /* SettingsTableViewController.swift in Sources */ = {isa = PBXBuildFile; fileRef = 447440E51E8400CF0069EA85 /* SettingsTableViewController.swift */; };
		447440E81E8400EF0069EA85 /* SettingsPresenter.swift in Sources */ = {isa = PBXBuildFile; fileRef = 447440E71E8400EF0069EA85 /* SettingsPresenter.swift */; };
		447753D61E658BE90091DAC5 /* SocketIOTest.swift in Sources */ = {isa = PBXBuildFile; fileRef = 447753D51E658BE90091DAC5 /* SocketIOTest.swift */; };
		447905161E5731F100A49AB3 /* Reachability.swift in Sources */ = {isa = PBXBuildFile; fileRef = 447905151E5731F100A49AB3 /* Reachability.swift */; };
		447905181E573A4D00A49AB3 /* EditProfileTableViewController.swift in Sources */ = {isa = PBXBuildFile; fileRef = 447905171E573A4D00A49AB3 /* EditProfileTableViewController.swift */; };
		4479051C1E5744A800A49AB3 /* PhoneTableViewController.swift in Sources */ = {isa = PBXBuildFile; fileRef = 4479051B1E5744A800A49AB3 /* PhoneTableViewController.swift */; };
		4479051E1E575A2100A49AB3 /* BirthdayViewController.swift in Sources */ = {isa = PBXBuildFile; fileRef = 4479051D1E575A2100A49AB3 /* BirthdayViewController.swift */; };
		447D4C171E44C4F5008F82F4 /* MapKit.framework in Frameworks */ = {isa = PBXBuildFile; fileRef = 447D4C161E44C4F5008F82F4 /* MapKit.framework */; };
		449A978D1E82DA940032DCE5 /* NameTableViewController.swift in Sources */ = {isa = PBXBuildFile; fileRef = 449A978C1E82DA940032DCE5 /* NameTableViewController.swift */; };
		449A978F1E82DAC00032DCE5 /* EmailTableViewController.swift in Sources */ = {isa = PBXBuildFile; fileRef = 449A978E1E82DAC00032DCE5 /* EmailTableViewController.swift */; };
		449A97911E82DADD0032DCE5 /* GenderTableViewController.swift in Sources */ = {isa = PBXBuildFile; fileRef = 449A97901E82DADD0032DCE5 /* GenderTableViewController.swift */; };
		44B179621E4B62690070A18B /* Presenter.swift in Sources */ = {isa = PBXBuildFile; fileRef = 44B179611E4B62690070A18B /* Presenter.swift */; };
		44B179641E4B787A0070A18B /* Errors.swift in Sources */ = {isa = PBXBuildFile; fileRef = 44B179631E4B787A0070A18B /* Errors.swift */; };
		44B179661E4B78EF0070A18B /* Messages.swift in Sources */ = {isa = PBXBuildFile; fileRef = 44B179651E4B78EF0070A18B /* Messages.swift */; };
		44C7F71E1E4CD35700171170 /* PasswordRecoveryViewController.swift in Sources */ = {isa = PBXBuildFile; fileRef = 44C7F71D1E4CD35700171170 /* PasswordRecoveryViewController.swift */; };
		44C7F7371E4CD3AE00171170 /* SocketAckEmitter.swift in Sources */ = {isa = PBXBuildFile; fileRef = 44C7F71F1E4CD3AE00171170 /* SocketAckEmitter.swift */; };
		44C7F7381E4CD3AE00171170 /* SocketAckManager.swift in Sources */ = {isa = PBXBuildFile; fileRef = 44C7F7201E4CD3AE00171170 /* SocketAckManager.swift */; };
		44C7F7391E4CD3AE00171170 /* SocketAnyEvent.swift in Sources */ = {isa = PBXBuildFile; fileRef = 44C7F7211E4CD3AE00171170 /* SocketAnyEvent.swift */; };
		44C7F73A1E4CD3AE00171170 /* SocketClientManager.swift in Sources */ = {isa = PBXBuildFile; fileRef = 44C7F7221E4CD3AE00171170 /* SocketClientManager.swift */; };
		44C7F73B1E4CD3AE00171170 /* SocketEngine.swift in Sources */ = {isa = PBXBuildFile; fileRef = 44C7F7231E4CD3AE00171170 /* SocketEngine.swift */; };
		44C7F73C1E4CD3AE00171170 /* SocketEngineClient.swift in Sources */ = {isa = PBXBuildFile; fileRef = 44C7F7241E4CD3AE00171170 /* SocketEngineClient.swift */; };
		44C7F73D1E4CD3AE00171170 /* SocketEnginePacketType.swift in Sources */ = {isa = PBXBuildFile; fileRef = 44C7F7251E4CD3AE00171170 /* SocketEnginePacketType.swift */; };
		44C7F73E1E4CD3AE00171170 /* SocketEnginePollable.swift in Sources */ = {isa = PBXBuildFile; fileRef = 44C7F7261E4CD3AE00171170 /* SocketEnginePollable.swift */; };
		44C7F73F1E4CD3AE00171170 /* SocketEngineSpec.swift in Sources */ = {isa = PBXBuildFile; fileRef = 44C7F7271E4CD3AE00171170 /* SocketEngineSpec.swift */; };
		44C7F7401E4CD3AE00171170 /* SocketEngineWebsocket.swift in Sources */ = {isa = PBXBuildFile; fileRef = 44C7F7281E4CD3AE00171170 /* SocketEngineWebsocket.swift */; };
		44C7F7411E4CD3AE00171170 /* SocketEventHandler.swift in Sources */ = {isa = PBXBuildFile; fileRef = 44C7F7291E4CD3AE00171170 /* SocketEventHandler.swift */; };
		44C7F7421E4CD3AE00171170 /* SocketExtensions.swift in Sources */ = {isa = PBXBuildFile; fileRef = 44C7F72A1E4CD3AE00171170 /* SocketExtensions.swift */; };
		44C7F7431E4CD3AE00171170 /* SocketIOClient.swift in Sources */ = {isa = PBXBuildFile; fileRef = 44C7F72B1E4CD3AE00171170 /* SocketIOClient.swift */; };
		44C7F7441E4CD3AE00171170 /* SocketIOClientConfiguration.swift in Sources */ = {isa = PBXBuildFile; fileRef = 44C7F72C1E4CD3AE00171170 /* SocketIOClientConfiguration.swift */; };
		44C7F7451E4CD3AE00171170 /* SocketIOClientOption.swift in Sources */ = {isa = PBXBuildFile; fileRef = 44C7F72D1E4CD3AE00171170 /* SocketIOClientOption.swift */; };
		44C7F7461E4CD3AE00171170 /* SocketIOClientSpec.swift in Sources */ = {isa = PBXBuildFile; fileRef = 44C7F72E1E4CD3AE00171170 /* SocketIOClientSpec.swift */; };
		44C7F7471E4CD3AE00171170 /* SocketIOClientStatus.swift in Sources */ = {isa = PBXBuildFile; fileRef = 44C7F72F1E4CD3AE00171170 /* SocketIOClientStatus.swift */; };
		44C7F7481E4CD3AE00171170 /* SocketLogger.swift in Sources */ = {isa = PBXBuildFile; fileRef = 44C7F7301E4CD3AE00171170 /* SocketLogger.swift */; };
		44C7F7491E4CD3AE00171170 /* SocketPacket.swift in Sources */ = {isa = PBXBuildFile; fileRef = 44C7F7311E4CD3AE00171170 /* SocketPacket.swift */; };
		44C7F74A1E4CD3AE00171170 /* SocketParsable.swift in Sources */ = {isa = PBXBuildFile; fileRef = 44C7F7321E4CD3AE00171170 /* SocketParsable.swift */; };
		44C7F74B1E4CD3AE00171170 /* SocketStringReader.swift in Sources */ = {isa = PBXBuildFile; fileRef = 44C7F7331E4CD3AE00171170 /* SocketStringReader.swift */; };
		44C7F74C1E4CD3AE00171170 /* SocketTypes.swift in Sources */ = {isa = PBXBuildFile; fileRef = 44C7F7341E4CD3AE00171170 /* SocketTypes.swift */; };
		44C7F74D1E4CD3AE00171170 /* SSLSecurity.swift in Sources */ = {isa = PBXBuildFile; fileRef = 44C7F7351E4CD3AE00171170 /* SSLSecurity.swift */; };
		44C7F74E1E4CD3AE00171170 /* WebSocket.swift in Sources */ = {isa = PBXBuildFile; fileRef = 44C7F7361E4CD3AE00171170 /* WebSocket.swift */; };
		44C7F7501E4CD3DA00171170 /* HomePresenter.swift in Sources */ = {isa = PBXBuildFile; fileRef = 44C7F74F1E4CD3DA00171170 /* HomePresenter.swift */; };
		44C7F7541E4CD3F200171170 /* APIManager.swift in Sources */ = {isa = PBXBuildFile; fileRef = 44C7F7511E4CD3F200171170 /* APIManager.swift */; };
		44C7F7551E4CD3F200171170 /* AuthManager.swift in Sources */ = {isa = PBXBuildFile; fileRef = 44C7F7521E4CD3F200171170 /* AuthManager.swift */; };
		44C7F7561E4CD3F200171170 /* SocketIOManager.swift in Sources */ = {isa = PBXBuildFile; fileRef = 44C7F7531E4CD3F200171170 /* SocketIOManager.swift */; };
		44C7F7581E4CD43A00171170 /* PasswordRecoveryPresenter.swift in Sources */ = {isa = PBXBuildFile; fileRef = 44C7F7571E4CD43A00171170 /* PasswordRecoveryPresenter.swift */; };
		44F5FB8A1E6481580026D7AF /* UserProfileTests.swift in Sources */ = {isa = PBXBuildFile; fileRef = 44F5FB891E6481580026D7AF /* UserProfileTests.swift */; };
		44F8202B1E604C1C00704F75 /* AddChangeDeviceViewController.swift in Sources */ = {isa = PBXBuildFile; fileRef = 44F8202A1E604C1C00704F75 /* AddChangeDeviceViewController.swift */; };
		44F8202D1E6086B100704F75 /* PetProfileViewController.swift in Sources */ = {isa = PBXBuildFile; fileRef = 44F8202C1E6086B100704F75 /* PetProfileViewController.swift */; };
		44FE723D1E4A2EF0007C7E24 /* DataManager.swift in Sources */ = {isa = PBXBuildFile; fileRef = 44FE723C1E4A2EF0007C7E24 /* DataManager.swift */; };
		753F53052119EED22E04BE96 /* Pods_SnoutTests.framework in Frameworks */ = {isa = PBXBuildFile; fileRef = 754A776083E072AC16A405DB /* Pods_SnoutTests.framework */; };
		E7B8ABEA7CFFDD69A6B1EB61 /* Pods_PawTrailsTests.framework in Frameworks */ = {isa = PBXBuildFile; fileRef = 1C09631478A96AC78EA751AA /* Pods_PawTrailsTests.framework */; };
/* End PBXBuildFile section */

/* Begin PBXContainerItemProxy section */
		441A0D8F1E55E9B700D02CE4 /* PBXContainerItemProxy */ = {
			isa = PBXContainerItemProxy;
			containerPortal = 4415FF371E3B822900A81B13 /* Project object */;
			proxyType = 1;
			remoteGlobalIDString = 4415FF3E1E3B822900A81B13;
			remoteInfo = Snout;
		};
/* End PBXContainerItemProxy section */

/* Begin PBXFileReference section */
		199033D371CC47C9192C6703 /* Pods_Snout.framework */ = {isa = PBXFileReference; explicitFileType = wrapper.framework; includeInIndex = 0; path = Pods_Snout.framework; sourceTree = BUILT_PRODUCTS_DIR; };
		1C09631478A96AC78EA751AA /* Pods_PawTrailsTests.framework */ = {isa = PBXFileReference; explicitFileType = wrapper.framework; includeInIndex = 0; path = Pods_PawTrailsTests.framework; sourceTree = BUILT_PRODUCTS_DIR; };
		20B5DA5019D7976016EA8DF9 /* Pods-PawTrailsTests.release.xcconfig */ = {isa = PBXFileReference; includeInIndex = 1; lastKnownFileType = text.xcconfig; name = "Pods-PawTrailsTests.release.xcconfig"; path = "Pods/Target Support Files/Pods-PawTrailsTests/Pods-PawTrailsTests.release.xcconfig"; sourceTree = "<group>"; };
		440BB75F1E5DE63B00D2D68B /* SafeZoneViewController.swift */ = {isa = PBXFileReference; fileEncoding = 4; lastKnownFileType = sourcecode.swift; name = SafeZoneViewController.swift; path = View/SafeZoneViewController.swift; sourceTree = "<group>"; };
		440C5E171E701643000C3827 /* EmojiManager.swift */ = {isa = PBXFileReference; fileEncoding = 4; lastKnownFileType = sourcecode.swift; path = EmojiManager.swift; sourceTree = "<group>"; };
		440CEE571E3B983700F58A09 /* InitialViewController.swift */ = {isa = PBXFileReference; fileEncoding = 4; lastKnownFileType = sourcecode.swift; name = InitialViewController.swift; path = View/InitialViewController.swift; sourceTree = "<group>"; };
		440CEE591E3B9AA300F58A09 /* InitialPresenter.swift */ = {isa = PBXFileReference; fileEncoding = 4; lastKnownFileType = sourcecode.swift; name = InitialPresenter.swift; path = Presenter/InitialPresenter.swift; sourceTree = "<group>"; };
		440CEE5B1E3B9B1900F58A09 /* HomeViewController.swift */ = {isa = PBXFileReference; fileEncoding = 4; lastKnownFileType = sourcecode.swift; name = HomeViewController.swift; path = View/HomeViewController.swift; sourceTree = "<group>"; };
		4415FF3F1E3B822900A81B13 /* PawTrails.app */ = {isa = PBXFileReference; explicitFileType = wrapper.application; includeInIndex = 0; path = PawTrails.app; sourceTree = BUILT_PRODUCTS_DIR; };
		4415FF421E3B822900A81B13 /* AppDelegate.swift */ = {isa = PBXFileReference; lastKnownFileType = sourcecode.swift; path = AppDelegate.swift; sourceTree = "<group>"; };
		4415FF471E3B822900A81B13 /* Base */ = {isa = PBXFileReference; lastKnownFileType = file.storyboard; name = Base; path = Base.lproj/Main.storyboard; sourceTree = "<group>"; };
		4415FF491E3B822900A81B13 /* Assets.xcassets */ = {isa = PBXFileReference; lastKnownFileType = folder.assetcatalog; path = Assets.xcassets; sourceTree = "<group>"; };
		4415FF4E1E3B822900A81B13 /* Info.plist */ = {isa = PBXFileReference; lastKnownFileType = text.plist.xml; path = Info.plist; sourceTree = "<group>"; };
		4417E7F31E841600007DDD49 /* Gender.swift */ = {isa = PBXFileReference; fileEncoding = 4; lastKnownFileType = sourcecode.swift; path = Gender.swift; sourceTree = "<group>"; };
		441A0D4C1E55AF5200D02CE4 /* SharedPreferences.swift */ = {isa = PBXFileReference; fileEncoding = 4; lastKnownFileType = sourcecode.swift; name = SharedPreferences.swift; path = Model/SharedPreferences.swift; sourceTree = "<group>"; };
		441A0D8A1E55E9B700D02CE4 /* PawTrailsTests.xctest */ = {isa = PBXFileReference; explicitFileType = wrapper.cfbundle; includeInIndex = 0; path = PawTrailsTests.xctest; sourceTree = BUILT_PRODUCTS_DIR; };
		441A0D941E55E9D100D02CE4 /* APIManagerTests.swift */ = {isa = PBXFileReference; fileEncoding = 4; lastKnownFileType = sourcecode.swift; lineEnding = 0; path = APIManagerTests.swift; sourceTree = "<group>"; xcLanguageSpecificationIdentifier = xcode.lang.swift; };
		441A0D961E55EEB700D02CE4 /* AuthManagerTests.swift */ = {isa = PBXFileReference; fileEncoding = 4; lastKnownFileType = sourcecode.swift; path = AuthManagerTests.swift; sourceTree = "<group>"; };
		44277A0B1E7A987C00B336BD /* Base */ = {isa = PBXFileReference; lastKnownFileType = file.storyboard; name = Base; path = Base.lproj/LaunchScreen.storyboard; sourceTree = "<group>"; };
		443D2C691E6D721000F7ACFA /* PetManager.swift */ = {isa = PBXFileReference; fileEncoding = 4; lastKnownFileType = sourcecode.swift; name = PetManager.swift; path = Model/PetManager.swift; sourceTree = "<group>"; };
		443D2C6B1E6D736B00F7ACFA /* LocationManager.swift */ = {isa = PBXFileReference; fileEncoding = 4; lastKnownFileType = sourcecode.swift; name = LocationManager.swift; path = Model/LocationManager.swift; sourceTree = "<group>"; };
		4440C5CA1E8BA568007A13B1 /* ViewExtensions.swift */ = {isa = PBXFileReference; fileEncoding = 4; lastKnownFileType = sourcecode.swift; path = ViewExtensions.swift; sourceTree = "<group>"; };
		4440C5CC1E8BA5D0007A13B1 /* ModelExtensions.swift */ = {isa = PBXFileReference; fileEncoding = 4; lastKnownFileType = sourcecode.swift; path = ModelExtensions.swift; sourceTree = "<group>"; };
		4440C5CE1E8BA64E007A13B1 /* MapExtensions.swift */ = {isa = PBXFileReference; fileEncoding = 4; lastKnownFileType = sourcecode.swift; path = MapExtensions.swift; sourceTree = "<group>"; };
		44421A2B1E4CB8E7009755BD /* EditProfilePresenter.swift */ = {isa = PBXFileReference; fileEncoding = 4; lastKnownFileType = sourcecode.swift; name = EditProfilePresenter.swift; path = Presenter/EditProfilePresenter.swift; sourceTree = "<group>"; };
		44457A2D1E5AF31400B43748 /* AddressTableViewController.swift */ = {isa = PBXFileReference; fileEncoding = 4; lastKnownFileType = sourcecode.swift; name = AddressTableViewController.swift; path = View/AddressTableViewController.swift; sourceTree = "<group>"; };
		44485F941E51B12800A3C47D /* PawTrails.xcdatamodel */ = {isa = PBXFileReference; lastKnownFileType = wrapper.xcdatamodel; path = PawTrails.xcdatamodel; sourceTree = "<group>"; };
		44485F961E51B16500A3C47D /* CoreDataManager.swift */ = {isa = PBXFileReference; fileEncoding = 4; lastKnownFileType = sourcecode.swift; path = CoreDataManager.swift; sourceTree = "<group>"; };
		44485FBC1E52076C00A3C47D /* countrycodes.csv */ = {isa = PBXFileReference; fileEncoding = 4; lastKnownFileType = text; path = countrycodes.csv; sourceTree = "<group>"; };
		44485FBE1E52079D00A3C47D /* CVSParser.swift */ = {isa = PBXFileReference; fileEncoding = 4; lastKnownFileType = sourcecode.swift; name = CVSParser.swift; path = Model/CVSParser.swift; sourceTree = "<group>"; };
		44498DFC1E4DBE6700F6D761 /* ChangePasswordPresenter.swift */ = {isa = PBXFileReference; fileEncoding = 4; lastKnownFileType = sourcecode.swift; path = ChangePasswordPresenter.swift; sourceTree = "<group>"; };
		44498DFE1E4DC03100F6D761 /* ChangePasswordTableViewController.swift */ = {isa = PBXFileReference; fileEncoding = 4; lastKnownFileType = sourcecode.swift; name = ChangePasswordTableViewController.swift; path = View/ChangePasswordTableViewController.swift; sourceTree = "<group>"; };
		444ACEFB1E894AF500A9A086 /* EmailVerificationViewController.swift */ = {isa = PBXFileReference; fileEncoding = 4; lastKnownFileType = sourcecode.swift; name = EmailVerificationViewController.swift; path = View/EmailVerificationViewController.swift; sourceTree = "<group>"; };
		444AF1DA1E5F023200C72034 /* Info.plist */ = {isa = PBXFileReference; fileEncoding = 4; lastKnownFileType = text.plist.xml; path = Info.plist; sourceTree = "<group>"; };
		444AF1DC1E5F024E00C72034 /* PawTrailsTests.swift */ = {isa = PBXFileReference; fileEncoding = 4; lastKnownFileType = sourcecode.swift; path = PawTrailsTests.swift; sourceTree = "<group>"; };
		444E00CC1E857B2200CAA250 /* SearchManager.swift */ = {isa = PBXFileReference; fileEncoding = 4; lastKnownFileType = sourcecode.swift; name = SearchManager.swift; path = Model/SearchManager.swift; sourceTree = "<group>"; };
		445A6DC81E896B6F0042736E /* EmailVerificationPresenter.swift */ = {isa = PBXFileReference; fileEncoding = 4; lastKnownFileType = sourcecode.swift; path = EmailVerificationPresenter.swift; sourceTree = "<group>"; };
		446548151E5C5CC900458CB7 /* UserManager.swift */ = {isa = PBXFileReference; fileEncoding = 4; lastKnownFileType = sourcecode.swift; name = UserManager.swift; path = Model/UserManager.swift; sourceTree = "<group>"; };
		4465481D1E5C642000458CB7 /* Extensions.swift */ = {isa = PBXFileReference; fileEncoding = 4; lastKnownFileType = sourcecode.swift; name = Extensions.swift; path = Model/Extensions.swift; sourceTree = "<group>"; };
		446548211E5C8E9600458CB7 /* DataManagerTest.swift */ = {isa = PBXFileReference; fileEncoding = 4; lastKnownFileType = sourcecode.swift; path = DataManagerTest.swift; sourceTree = "<group>"; };
		447440E51E8400CF0069EA85 /* SettingsTableViewController.swift */ = {isa = PBXFileReference; fileEncoding = 4; lastKnownFileType = sourcecode.swift; name = SettingsTableViewController.swift; path = View/SettingsTableViewController.swift; sourceTree = "<group>"; };
		447440E71E8400EF0069EA85 /* SettingsPresenter.swift */ = {isa = PBXFileReference; fileEncoding = 4; lastKnownFileType = sourcecode.swift; name = SettingsPresenter.swift; path = Presenter/SettingsPresenter.swift; sourceTree = "<group>"; };
		447753D51E658BE90091DAC5 /* SocketIOTest.swift */ = {isa = PBXFileReference; fileEncoding = 4; lastKnownFileType = sourcecode.swift; path = SocketIOTest.swift; sourceTree = "<group>"; };
		447905151E5731F100A49AB3 /* Reachability.swift */ = {isa = PBXFileReference; fileEncoding = 4; lastKnownFileType = sourcecode.swift; path = Reachability.swift; sourceTree = "<group>"; };
		447905171E573A4D00A49AB3 /* EditProfileTableViewController.swift */ = {isa = PBXFileReference; fileEncoding = 4; lastKnownFileType = sourcecode.swift; name = EditProfileTableViewController.swift; path = View/EditProfileTableViewController.swift; sourceTree = "<group>"; };
		4479051B1E5744A800A49AB3 /* PhoneTableViewController.swift */ = {isa = PBXFileReference; fileEncoding = 4; lastKnownFileType = sourcecode.swift; name = PhoneTableViewController.swift; path = View/PhoneTableViewController.swift; sourceTree = "<group>"; };
		4479051D1E575A2100A49AB3 /* BirthdayViewController.swift */ = {isa = PBXFileReference; fileEncoding = 4; lastKnownFileType = sourcecode.swift; name = BirthdayViewController.swift; path = View/BirthdayViewController.swift; sourceTree = "<group>"; };
		447D4C161E44C4F5008F82F4 /* MapKit.framework */ = {isa = PBXFileReference; lastKnownFileType = wrapper.framework; name = MapKit.framework; path = System/Library/Frameworks/MapKit.framework; sourceTree = SDKROOT; };
		449A978C1E82DA940032DCE5 /* NameTableViewController.swift */ = {isa = PBXFileReference; fileEncoding = 4; lastKnownFileType = sourcecode.swift; name = NameTableViewController.swift; path = View/NameTableViewController.swift; sourceTree = "<group>"; };
		449A978E1E82DAC00032DCE5 /* EmailTableViewController.swift */ = {isa = PBXFileReference; fileEncoding = 4; lastKnownFileType = sourcecode.swift; name = EmailTableViewController.swift; path = View/EmailTableViewController.swift; sourceTree = "<group>"; };
		449A97901E82DADD0032DCE5 /* GenderTableViewController.swift */ = {isa = PBXFileReference; fileEncoding = 4; lastKnownFileType = sourcecode.swift; name = GenderTableViewController.swift; path = View/GenderTableViewController.swift; sourceTree = "<group>"; };
		44B179611E4B62690070A18B /* Presenter.swift */ = {isa = PBXFileReference; fileEncoding = 4; lastKnownFileType = sourcecode.swift; name = Presenter.swift; path = Presenter/Presenter.swift; sourceTree = "<group>"; };
		44B179631E4B787A0070A18B /* Errors.swift */ = {isa = PBXFileReference; fileEncoding = 4; lastKnownFileType = sourcecode.swift; name = Errors.swift; path = Model/Errors.swift; sourceTree = "<group>"; };
		44B179651E4B78EF0070A18B /* Messages.swift */ = {isa = PBXFileReference; fileEncoding = 4; lastKnownFileType = sourcecode.swift; name = Messages.swift; path = Model/Messages.swift; sourceTree = "<group>"; };
		44C7F71D1E4CD35700171170 /* PasswordRecoveryViewController.swift */ = {isa = PBXFileReference; fileEncoding = 4; lastKnownFileType = sourcecode.swift; name = PasswordRecoveryViewController.swift; path = View/PasswordRecoveryViewController.swift; sourceTree = "<group>"; };
		44C7F71F1E4CD3AE00171170 /* SocketAckEmitter.swift */ = {isa = PBXFileReference; fileEncoding = 4; lastKnownFileType = sourcecode.swift; name = SocketAckEmitter.swift; path = SocketIO/SocketAckEmitter.swift; sourceTree = "<group>"; };
		44C7F7201E4CD3AE00171170 /* SocketAckManager.swift */ = {isa = PBXFileReference; fileEncoding = 4; lastKnownFileType = sourcecode.swift; name = SocketAckManager.swift; path = SocketIO/SocketAckManager.swift; sourceTree = "<group>"; };
		44C7F7211E4CD3AE00171170 /* SocketAnyEvent.swift */ = {isa = PBXFileReference; fileEncoding = 4; lastKnownFileType = sourcecode.swift; name = SocketAnyEvent.swift; path = SocketIO/SocketAnyEvent.swift; sourceTree = "<group>"; };
		44C7F7221E4CD3AE00171170 /* SocketClientManager.swift */ = {isa = PBXFileReference; fileEncoding = 4; lastKnownFileType = sourcecode.swift; name = SocketClientManager.swift; path = SocketIO/SocketClientManager.swift; sourceTree = "<group>"; };
		44C7F7231E4CD3AE00171170 /* SocketEngine.swift */ = {isa = PBXFileReference; fileEncoding = 4; lastKnownFileType = sourcecode.swift; name = SocketEngine.swift; path = SocketIO/SocketEngine.swift; sourceTree = "<group>"; };
		44C7F7241E4CD3AE00171170 /* SocketEngineClient.swift */ = {isa = PBXFileReference; fileEncoding = 4; lastKnownFileType = sourcecode.swift; name = SocketEngineClient.swift; path = SocketIO/SocketEngineClient.swift; sourceTree = "<group>"; };
		44C7F7251E4CD3AE00171170 /* SocketEnginePacketType.swift */ = {isa = PBXFileReference; fileEncoding = 4; lastKnownFileType = sourcecode.swift; name = SocketEnginePacketType.swift; path = SocketIO/SocketEnginePacketType.swift; sourceTree = "<group>"; };
		44C7F7261E4CD3AE00171170 /* SocketEnginePollable.swift */ = {isa = PBXFileReference; fileEncoding = 4; lastKnownFileType = sourcecode.swift; name = SocketEnginePollable.swift; path = SocketIO/SocketEnginePollable.swift; sourceTree = "<group>"; };
		44C7F7271E4CD3AE00171170 /* SocketEngineSpec.swift */ = {isa = PBXFileReference; fileEncoding = 4; lastKnownFileType = sourcecode.swift; name = SocketEngineSpec.swift; path = SocketIO/SocketEngineSpec.swift; sourceTree = "<group>"; };
		44C7F7281E4CD3AE00171170 /* SocketEngineWebsocket.swift */ = {isa = PBXFileReference; fileEncoding = 4; lastKnownFileType = sourcecode.swift; name = SocketEngineWebsocket.swift; path = SocketIO/SocketEngineWebsocket.swift; sourceTree = "<group>"; };
		44C7F7291E4CD3AE00171170 /* SocketEventHandler.swift */ = {isa = PBXFileReference; fileEncoding = 4; lastKnownFileType = sourcecode.swift; name = SocketEventHandler.swift; path = SocketIO/SocketEventHandler.swift; sourceTree = "<group>"; };
		44C7F72A1E4CD3AE00171170 /* SocketExtensions.swift */ = {isa = PBXFileReference; fileEncoding = 4; lastKnownFileType = sourcecode.swift; name = SocketExtensions.swift; path = SocketIO/SocketExtensions.swift; sourceTree = "<group>"; };
		44C7F72B1E4CD3AE00171170 /* SocketIOClient.swift */ = {isa = PBXFileReference; fileEncoding = 4; lastKnownFileType = sourcecode.swift; name = SocketIOClient.swift; path = SocketIO/SocketIOClient.swift; sourceTree = "<group>"; };
		44C7F72C1E4CD3AE00171170 /* SocketIOClientConfiguration.swift */ = {isa = PBXFileReference; fileEncoding = 4; lastKnownFileType = sourcecode.swift; name = SocketIOClientConfiguration.swift; path = SocketIO/SocketIOClientConfiguration.swift; sourceTree = "<group>"; };
		44C7F72D1E4CD3AE00171170 /* SocketIOClientOption.swift */ = {isa = PBXFileReference; fileEncoding = 4; lastKnownFileType = sourcecode.swift; name = SocketIOClientOption.swift; path = SocketIO/SocketIOClientOption.swift; sourceTree = "<group>"; };
		44C7F72E1E4CD3AE00171170 /* SocketIOClientSpec.swift */ = {isa = PBXFileReference; fileEncoding = 4; lastKnownFileType = sourcecode.swift; name = SocketIOClientSpec.swift; path = SocketIO/SocketIOClientSpec.swift; sourceTree = "<group>"; };
		44C7F72F1E4CD3AE00171170 /* SocketIOClientStatus.swift */ = {isa = PBXFileReference; fileEncoding = 4; lastKnownFileType = sourcecode.swift; name = SocketIOClientStatus.swift; path = SocketIO/SocketIOClientStatus.swift; sourceTree = "<group>"; };
		44C7F7301E4CD3AE00171170 /* SocketLogger.swift */ = {isa = PBXFileReference; fileEncoding = 4; lastKnownFileType = sourcecode.swift; name = SocketLogger.swift; path = SocketIO/SocketLogger.swift; sourceTree = "<group>"; };
		44C7F7311E4CD3AE00171170 /* SocketPacket.swift */ = {isa = PBXFileReference; fileEncoding = 4; lastKnownFileType = sourcecode.swift; name = SocketPacket.swift; path = SocketIO/SocketPacket.swift; sourceTree = "<group>"; };
		44C7F7321E4CD3AE00171170 /* SocketParsable.swift */ = {isa = PBXFileReference; fileEncoding = 4; lastKnownFileType = sourcecode.swift; name = SocketParsable.swift; path = SocketIO/SocketParsable.swift; sourceTree = "<group>"; };
		44C7F7331E4CD3AE00171170 /* SocketStringReader.swift */ = {isa = PBXFileReference; fileEncoding = 4; lastKnownFileType = sourcecode.swift; name = SocketStringReader.swift; path = SocketIO/SocketStringReader.swift; sourceTree = "<group>"; };
		44C7F7341E4CD3AE00171170 /* SocketTypes.swift */ = {isa = PBXFileReference; fileEncoding = 4; lastKnownFileType = sourcecode.swift; name = SocketTypes.swift; path = SocketIO/SocketTypes.swift; sourceTree = "<group>"; };
		44C7F7351E4CD3AE00171170 /* SSLSecurity.swift */ = {isa = PBXFileReference; fileEncoding = 4; lastKnownFileType = sourcecode.swift; name = SSLSecurity.swift; path = SocketIO/SSLSecurity.swift; sourceTree = "<group>"; };
		44C7F7361E4CD3AE00171170 /* WebSocket.swift */ = {isa = PBXFileReference; fileEncoding = 4; lastKnownFileType = sourcecode.swift; name = WebSocket.swift; path = SocketIO/WebSocket.swift; sourceTree = "<group>"; };
		44C7F74F1E4CD3DA00171170 /* HomePresenter.swift */ = {isa = PBXFileReference; fileEncoding = 4; lastKnownFileType = sourcecode.swift; name = HomePresenter.swift; path = Presenter/HomePresenter.swift; sourceTree = "<group>"; };
		44C7F7511E4CD3F200171170 /* APIManager.swift */ = {isa = PBXFileReference; fileEncoding = 4; lastKnownFileType = sourcecode.swift; name = APIManager.swift; path = Model/APIManager.swift; sourceTree = "<group>"; };
		44C7F7521E4CD3F200171170 /* AuthManager.swift */ = {isa = PBXFileReference; fileEncoding = 4; lastKnownFileType = sourcecode.swift; lineEnding = 0; name = AuthManager.swift; path = Model/AuthManager.swift; sourceTree = "<group>"; xcLanguageSpecificationIdentifier = xcode.lang.swift; };
		44C7F7531E4CD3F200171170 /* SocketIOManager.swift */ = {isa = PBXFileReference; fileEncoding = 4; lastKnownFileType = sourcecode.swift; name = SocketIOManager.swift; path = Model/SocketIOManager.swift; sourceTree = "<group>"; };
		44C7F7571E4CD43A00171170 /* PasswordRecoveryPresenter.swift */ = {isa = PBXFileReference; fileEncoding = 4; lastKnownFileType = sourcecode.swift; name = PasswordRecoveryPresenter.swift; path = Presenter/PasswordRecoveryPresenter.swift; sourceTree = "<group>"; };
		44F5FB891E6481580026D7AF /* UserProfileTests.swift */ = {isa = PBXFileReference; fileEncoding = 4; lastKnownFileType = sourcecode.swift; path = UserProfileTests.swift; sourceTree = "<group>"; };
		44F8202A1E604C1C00704F75 /* AddChangeDeviceViewController.swift */ = {isa = PBXFileReference; fileEncoding = 4; lastKnownFileType = sourcecode.swift; name = AddChangeDeviceViewController.swift; path = View/AddChangeDeviceViewController.swift; sourceTree = "<group>"; };
		44F8202C1E6086B100704F75 /* PetProfileViewController.swift */ = {isa = PBXFileReference; fileEncoding = 4; lastKnownFileType = sourcecode.swift; name = PetProfileViewController.swift; path = View/PetProfileViewController.swift; sourceTree = "<group>"; };
		44FE723C1E4A2EF0007C7E24 /* DataManager.swift */ = {isa = PBXFileReference; fileEncoding = 4; lastKnownFileType = sourcecode.swift; lineEnding = 0; name = DataManager.swift; path = Model/DataManager.swift; sourceTree = "<group>"; xcLanguageSpecificationIdentifier = xcode.lang.swift; };
		4D52BC7BE2AEDBF19B3D09AB /* Pods-PawTrailsTests.debug.xcconfig */ = {isa = PBXFileReference; includeInIndex = 1; lastKnownFileType = text.xcconfig; name = "Pods-PawTrailsTests.debug.xcconfig"; path = "Pods/Target Support Files/Pods-PawTrailsTests/Pods-PawTrailsTests.debug.xcconfig"; sourceTree = "<group>"; };
		754A776083E072AC16A405DB /* Pods_SnoutTests.framework */ = {isa = PBXFileReference; explicitFileType = wrapper.framework; includeInIndex = 0; path = Pods_SnoutTests.framework; sourceTree = BUILT_PRODUCTS_DIR; };
		9E19542014392915F71D4DE0 /* Pods-PawTrails.debug.xcconfig */ = {isa = PBXFileReference; includeInIndex = 1; lastKnownFileType = text.xcconfig; name = "Pods-PawTrails.debug.xcconfig"; path = "Pods/Target Support Files/Pods-PawTrails/Pods-PawTrails.debug.xcconfig"; sourceTree = "<group>"; };
		D38C295A9EECD1391940C8D3 /* Pods_PawTrails.framework */ = {isa = PBXFileReference; explicitFileType = wrapper.framework; includeInIndex = 0; path = Pods_PawTrails.framework; sourceTree = BUILT_PRODUCTS_DIR; };
		F2EB8BB77801CDC1B657190E /* Pods-PawTrails.release.xcconfig */ = {isa = PBXFileReference; includeInIndex = 1; lastKnownFileType = text.xcconfig; name = "Pods-PawTrails.release.xcconfig"; path = "Pods/Target Support Files/Pods-PawTrails/Pods-PawTrails.release.xcconfig"; sourceTree = "<group>"; };
/* End PBXFileReference section */

/* Begin PBXFrameworksBuildPhase section */
		4415FF3C1E3B822900A81B13 /* Frameworks */ = {
			isa = PBXFrameworksBuildPhase;
			buildActionMask = 2147483647;
			files = (
				447D4C171E44C4F5008F82F4 /* MapKit.framework in Frameworks */,
				3808F92C4AE1F8421B70B99A /* Pods_PawTrails.framework in Frameworks */,
			);
			runOnlyForDeploymentPostprocessing = 0;
		};
		441A0D871E55E9B700D02CE4 /* Frameworks */ = {
			isa = PBXFrameworksBuildPhase;
			buildActionMask = 2147483647;
			files = (
				753F53052119EED22E04BE96 /* Pods_SnoutTests.framework in Frameworks */,
				E7B8ABEA7CFFDD69A6B1EB61 /* Pods_PawTrailsTests.framework in Frameworks */,
			);
			runOnlyForDeploymentPostprocessing = 0;
		};
/* End PBXFrameworksBuildPhase section */

/* Begin PBXGroup section */
		440CEE491E3B8D0700F58A09 /* Assets */ = {
			isa = PBXGroup;
			children = (
				4415FF491E3B822900A81B13 /* Assets.xcassets */,
				4415FF4E1E3B822900A81B13 /* Info.plist */,
				44485FBC1E52076C00A3C47D /* countrycodes.csv */,
			);
			name = Assets;
			sourceTree = "<group>";
		};
		440CEE4A1E3B8D2500F58A09 /* View */ = {
			isa = PBXGroup;
			children = (
				44277A0A1E7A987C00B336BD /* LaunchScreen.storyboard */,
				4415FF461E3B822900A81B13 /* Main.storyboard */,
				441A0D4B1E55A5A500D02CE4 /* Auth */,
				440CEE5B1E3B9B1900F58A09 /* HomeViewController.swift */,
				447440E51E8400CF0069EA85 /* SettingsTableViewController.swift */,
				44F820281E604BC700704F75 /* User Profile */,
				440BB75F1E5DE63B00D2D68B /* SafeZoneViewController.swift */,
				44F8202A1E604C1C00704F75 /* AddChangeDeviceViewController.swift */,
				44F8202C1E6086B100704F75 /* PetProfileViewController.swift */,
			);
			name = View;
			sourceTree = "<group>";
		};
		440CEE4B1E3B8D2C00F58A09 /* Presenter */ = {
			isa = PBXGroup;
			children = (
				44B179611E4B62690070A18B /* Presenter.swift */,
				447905141E57307E00A49AB3 /* Authentication */,
				44C7F74F1E4CD3DA00171170 /* HomePresenter.swift */,
				447440E71E8400EF0069EA85 /* SettingsPresenter.swift */,
				44421A2B1E4CB8E7009755BD /* EditProfilePresenter.swift */,
			);
			name = Presenter;
			sourceTree = "<group>";
		};
		440CEE4C1E3B8D3D00F58A09 /* Model */ = {
			isa = PBXGroup;
			children = (
				44C7F7521E4CD3F200171170 /* AuthManager.swift */,
				44FE723C1E4A2EF0007C7E24 /* DataManager.swift */,
				4465481B1E5C624700458CB7 /* Communication */,
				4465481C1E5C625100458CB7 /* CoreDataModelsManagers */,
				44485F931E51B12800A3C47D /* PawTrails.xcdatamodeld */,
				4417E7F31E841600007DDD49 /* Gender.swift */,
			);
			name = Model;
			sourceTree = "<group>";
		};
		4415FF361E3B822900A81B13 = {
			isa = PBXGroup;
			children = (
				4415FF411E3B822900A81B13 /* PawTrails */,
				441A0D8B1E55E9B700D02CE4 /* PawTrailsTests */,
				4415FF401E3B822900A81B13 /* Products */,
				91352D1B7E01CC1C0CF51D38 /* Frameworks */,
				5795D868A9539C4E257F965D /* Pods */,
			);
			sourceTree = "<group>";
		};
		4415FF401E3B822900A81B13 /* Products */ = {
			isa = PBXGroup;
			children = (
				4415FF3F1E3B822900A81B13 /* PawTrails.app */,
				441A0D8A1E55E9B700D02CE4 /* PawTrailsTests.xctest */,
			);
			name = Products;
			sourceTree = "<group>";
		};
		4415FF411E3B822900A81B13 /* PawTrails */ = {
			isa = PBXGroup;
			children = (
				4415FF421E3B822900A81B13 /* AppDelegate.swift */,
				440CEE4C1E3B8D3D00F58A09 /* Model */,
				440CEE4A1E3B8D2500F58A09 /* View */,
				440CEE4B1E3B8D2C00F58A09 /* Presenter */,
				440CEE491E3B8D0700F58A09 /* Assets */,
				44B179671E4B78FB0070A18B /* Utils */,
			);
			path = PawTrails;
			sourceTree = "<group>";
		};
		441A0D4B1E55A5A500D02CE4 /* Auth */ = {
			isa = PBXGroup;
			children = (
				440CEE571E3B983700F58A09 /* InitialViewController.swift */,
				44C7F71D1E4CD35700171170 /* PasswordRecoveryViewController.swift */,
				444ACEFB1E894AF500A9A086 /* EmailVerificationViewController.swift */,
			);
			name = Auth;
			sourceTree = "<group>";
		};
		441A0D8B1E55E9B700D02CE4 /* PawTrailsTests */ = {
			isa = PBXGroup;
			children = (
				444AF1DA1E5F023200C72034 /* Info.plist */,
				444AF1DC1E5F024E00C72034 /* PawTrailsTests.swift */,
				441A0D941E55E9D100D02CE4 /* APIManagerTests.swift */,
				441A0D961E55EEB700D02CE4 /* AuthManagerTests.swift */,
				44F5FB891E6481580026D7AF /* UserProfileTests.swift */,
				446548211E5C8E9600458CB7 /* DataManagerTest.swift */,
				447753D51E658BE90091DAC5 /* SocketIOTest.swift */,
			);
			path = PawTrailsTests;
			sourceTree = "<group>";
		};
		4440C5D01E8BA6B0007A13B1 /* Extensions */ = {
			isa = PBXGroup;
			children = (
				4440C5CE1E8BA64E007A13B1 /* MapExtensions.swift */,
				4440C5CC1E8BA5D0007A13B1 /* ModelExtensions.swift */,
				4440C5CA1E8BA568007A13B1 /* ViewExtensions.swift */,
				4465481D1E5C642000458CB7 /* Extensions.swift */,
			);
			name = Extensions;
			sourceTree = "<group>";
		};
		4465481B1E5C624700458CB7 /* Communication */ = {
			isa = PBXGroup;
			children = (
				44C7F7511E4CD3F200171170 /* APIManager.swift */,
				44485F961E51B16500A3C47D /* CoreDataManager.swift */,
				44C7F7531E4CD3F200171170 /* SocketIOManager.swift */,
				447D4C151E44BF69008F82F4 /* SocketIO */,
			);
			name = Communication;
			sourceTree = "<group>";
		};
		4465481C1E5C625100458CB7 /* CoreDataModelsManagers */ = {
			isa = PBXGroup;
			children = (
				446548151E5C5CC900458CB7 /* UserManager.swift */,
				443D2C691E6D721000F7ACFA /* PetManager.swift */,
				443D2C6B1E6D736B00F7ACFA /* LocationManager.swift */,
				444E00CC1E857B2200CAA250 /* SearchManager.swift */,
			);
			name = CoreDataModelsManagers;
			sourceTree = "<group>";
		};
		447905141E57307E00A49AB3 /* Authentication */ = {
			isa = PBXGroup;
			children = (
				440CEE591E3B9AA300F58A09 /* InitialPresenter.swift */,
				44C7F7571E4CD43A00171170 /* PasswordRecoveryPresenter.swift */,
				44498DFC1E4DBE6700F6D761 /* ChangePasswordPresenter.swift */,
				445A6DC81E896B6F0042736E /* EmailVerificationPresenter.swift */,
			);
			name = Authentication;
			sourceTree = "<group>";
		};
		447D4C151E44BF69008F82F4 /* SocketIO */ = {
			isa = PBXGroup;
			children = (
				44C7F71F1E4CD3AE00171170 /* SocketAckEmitter.swift */,
				44C7F7201E4CD3AE00171170 /* SocketAckManager.swift */,
				44C7F7211E4CD3AE00171170 /* SocketAnyEvent.swift */,
				44C7F7221E4CD3AE00171170 /* SocketClientManager.swift */,
				44C7F7231E4CD3AE00171170 /* SocketEngine.swift */,
				44C7F7241E4CD3AE00171170 /* SocketEngineClient.swift */,
				44C7F7251E4CD3AE00171170 /* SocketEnginePacketType.swift */,
				44C7F7261E4CD3AE00171170 /* SocketEnginePollable.swift */,
				44C7F7271E4CD3AE00171170 /* SocketEngineSpec.swift */,
				44C7F7281E4CD3AE00171170 /* SocketEngineWebsocket.swift */,
				44C7F7291E4CD3AE00171170 /* SocketEventHandler.swift */,
				44C7F72A1E4CD3AE00171170 /* SocketExtensions.swift */,
				44C7F72B1E4CD3AE00171170 /* SocketIOClient.swift */,
				44C7F72C1E4CD3AE00171170 /* SocketIOClientConfiguration.swift */,
				44C7F72D1E4CD3AE00171170 /* SocketIOClientOption.swift */,
				44C7F72E1E4CD3AE00171170 /* SocketIOClientSpec.swift */,
				44C7F72F1E4CD3AE00171170 /* SocketIOClientStatus.swift */,
				44C7F7301E4CD3AE00171170 /* SocketLogger.swift */,
				44C7F7311E4CD3AE00171170 /* SocketPacket.swift */,
				44C7F7321E4CD3AE00171170 /* SocketParsable.swift */,
				44C7F7331E4CD3AE00171170 /* SocketStringReader.swift */,
				44C7F7341E4CD3AE00171170 /* SocketTypes.swift */,
				44C7F7351E4CD3AE00171170 /* SSLSecurity.swift */,
				44C7F7361E4CD3AE00171170 /* WebSocket.swift */,
			);
			name = SocketIO;
			sourceTree = "<group>";
		};
		44B179671E4B78FB0070A18B /* Utils */ = {
			isa = PBXGroup;
			children = (
				4440C5D01E8BA6B0007A13B1 /* Extensions */,
				447905151E5731F100A49AB3 /* Reachability.swift */,
				44B179631E4B787A0070A18B /* Errors.swift */,
				44B179651E4B78EF0070A18B /* Messages.swift */,
				44485FBE1E52079D00A3C47D /* CVSParser.swift */,
				441A0D4C1E55AF5200D02CE4 /* SharedPreferences.swift */,
				440C5E171E701643000C3827 /* EmojiManager.swift */,
			);
			name = Utils;
			sourceTree = "<group>";
		};
		44F820281E604BC700704F75 /* User Profile */ = {
			isa = PBXGroup;
			children = (
				447905171E573A4D00A49AB3 /* EditProfileTableViewController.swift */,
				449A978C1E82DA940032DCE5 /* NameTableViewController.swift */,
				449A978E1E82DAC00032DCE5 /* EmailTableViewController.swift */,
				449A97901E82DADD0032DCE5 /* GenderTableViewController.swift */,
				4479051D1E575A2100A49AB3 /* BirthdayViewController.swift */,
				4479051B1E5744A800A49AB3 /* PhoneTableViewController.swift */,
				44457A2D1E5AF31400B43748 /* AddressTableViewController.swift */,
				44498DFE1E4DC03100F6D761 /* ChangePasswordTableViewController.swift */,
			);
			name = "User Profile";
			sourceTree = "<group>";
		};
		5795D868A9539C4E257F965D /* Pods */ = {
			isa = PBXGroup;
			children = (
				9E19542014392915F71D4DE0 /* Pods-PawTrails.debug.xcconfig */,
				F2EB8BB77801CDC1B657190E /* Pods-PawTrails.release.xcconfig */,
				4D52BC7BE2AEDBF19B3D09AB /* Pods-PawTrailsTests.debug.xcconfig */,
				20B5DA5019D7976016EA8DF9 /* Pods-PawTrailsTests.release.xcconfig */,
			);
			name = Pods;
			sourceTree = "<group>";
		};
		91352D1B7E01CC1C0CF51D38 /* Frameworks */ = {
			isa = PBXGroup;
			children = (
				447D4C161E44C4F5008F82F4 /* MapKit.framework */,
				199033D371CC47C9192C6703 /* Pods_Snout.framework */,
				754A776083E072AC16A405DB /* Pods_SnoutTests.framework */,
				D38C295A9EECD1391940C8D3 /* Pods_PawTrails.framework */,
				1C09631478A96AC78EA751AA /* Pods_PawTrailsTests.framework */,
			);
			name = Frameworks;
			sourceTree = "<group>";
		};
/* End PBXGroup section */

/* Begin PBXNativeTarget section */
		4415FF3E1E3B822900A81B13 /* PawTrails */ = {
			isa = PBXNativeTarget;
			buildConfigurationList = 4415FF671E3B822A00A81B13 /* Build configuration list for PBXNativeTarget "PawTrails" */;
			buildPhases = (
				40EE3AB9E61FBE7E41A589E5 /* [CP] Check Pods Manifest.lock */,
				4415FF3B1E3B822900A81B13 /* Sources */,
				4415FF3C1E3B822900A81B13 /* Frameworks */,
				4415FF3D1E3B822900A81B13 /* Resources */,
				7EBF939C6B838E47B68754AC /* [CP] Embed Pods Frameworks */,
				ADF34283F246893F5EBA2FA0 /* [CP] Copy Pods Resources */,
				44136F081E8429250003B531 /* ShellScript */,
			);
			buildRules = (
			);
			dependencies = (
			);
			name = PawTrails;
			productName = Snout;
			productReference = 4415FF3F1E3B822900A81B13 /* PawTrails.app */;
			productType = "com.apple.product-type.application";
		};
		441A0D891E55E9B700D02CE4 /* PawTrailsTests */ = {
			isa = PBXNativeTarget;
			buildConfigurationList = 441A0D911E55E9B700D02CE4 /* Build configuration list for PBXNativeTarget "PawTrailsTests" */;
			buildPhases = (
				EFEEB5B11AFC2F65D691536B /* [CP] Check Pods Manifest.lock */,
				441A0D861E55E9B700D02CE4 /* Sources */,
				441A0D871E55E9B700D02CE4 /* Frameworks */,
				441A0D881E55E9B700D02CE4 /* Resources */,
				2DF9C7CD34AD19CCE9310139 /* [CP] Embed Pods Frameworks */,
				0FDFCD244E67A2CE708731E8 /* [CP] Copy Pods Resources */,
			);
			buildRules = (
			);
			dependencies = (
				441A0D901E55E9B700D02CE4 /* PBXTargetDependency */,
			);
			name = PawTrailsTests;
			productName = SnoutTests;
			productReference = 441A0D8A1E55E9B700D02CE4 /* PawTrailsTests.xctest */;
			productType = "com.apple.product-type.bundle.unit-test";
		};
/* End PBXNativeTarget section */

/* Begin PBXProject section */
		4415FF371E3B822900A81B13 /* Project object */ = {
			isa = PBXProject;
			attributes = {
				LastSwiftUpdateCheck = 0820;
				LastUpgradeCheck = 0820;
				ORGANIZATIONNAME = AttitudeTech;
				TargetAttributes = {
					4415FF3E1E3B822900A81B13 = {
						CreatedOnToolsVersion = 8.2.1;
						DevelopmentTeam = 7E2855LEH4;
						ProvisioningStyle = Automatic;
						SystemCapabilities = {
							com.apple.Keychain = {
								enabled = 0;
							};
							com.apple.Maps.iOS = {
								enabled = 1;
							};
						};
					};
					441A0D891E55E9B700D02CE4 = {
						CreatedOnToolsVersion = 8.2.1;
						DevelopmentTeam = 7E2855LEH4;
						ProvisioningStyle = Automatic;
						TestTargetID = 4415FF3E1E3B822900A81B13;
					};
				};
			};
			buildConfigurationList = 4415FF3A1E3B822900A81B13 /* Build configuration list for PBXProject "PawTrails" */;
			compatibilityVersion = "Xcode 3.2";
			developmentRegion = English;
			hasScannedForEncodings = 0;
			knownRegions = (
				en,
				Base,
			);
			mainGroup = 4415FF361E3B822900A81B13;
			productRefGroup = 4415FF401E3B822900A81B13 /* Products */;
			projectDirPath = "";
			projectRoot = "";
			targets = (
				4415FF3E1E3B822900A81B13 /* PawTrails */,
				441A0D891E55E9B700D02CE4 /* PawTrailsTests */,
			);
		};
/* End PBXProject section */

/* Begin PBXResourcesBuildPhase section */
		4415FF3D1E3B822900A81B13 /* Resources */ = {
			isa = PBXResourcesBuildPhase;
			buildActionMask = 2147483647;
			files = (
				4415FF4A1E3B822900A81B13 /* Assets.xcassets in Resources */,
				44277A0C1E7A987C00B336BD /* LaunchScreen.storyboard in Resources */,
				4415FF481E3B822900A81B13 /* Main.storyboard in Resources */,
				44485FBD1E52076C00A3C47D /* countrycodes.csv in Resources */,
			);
			runOnlyForDeploymentPostprocessing = 0;
		};
		441A0D881E55E9B700D02CE4 /* Resources */ = {
			isa = PBXResourcesBuildPhase;
			buildActionMask = 2147483647;
			files = (
			);
			runOnlyForDeploymentPostprocessing = 0;
		};
/* End PBXResourcesBuildPhase section */

/* Begin PBXShellScriptBuildPhase section */
		0FDFCD244E67A2CE708731E8 /* [CP] Copy Pods Resources */ = {
			isa = PBXShellScriptBuildPhase;
			buildActionMask = 2147483647;
			files = (
			);
			inputPaths = (
			);
			name = "[CP] Copy Pods Resources";
			outputPaths = (
			);
			runOnlyForDeploymentPostprocessing = 0;
			shellPath = /bin/sh;
			shellScript = "\"${SRCROOT}/Pods/Target Support Files/Pods-PawTrailsTests/Pods-PawTrailsTests-resources.sh\"\n";
			showEnvVarsInLog = 0;
		};
		2DF9C7CD34AD19CCE9310139 /* [CP] Embed Pods Frameworks */ = {
			isa = PBXShellScriptBuildPhase;
			buildActionMask = 2147483647;
			files = (
			);
			inputPaths = (
			);
			name = "[CP] Embed Pods Frameworks";
			outputPaths = (
			);
			runOnlyForDeploymentPostprocessing = 0;
			shellPath = /bin/sh;
			shellScript = "\"${SRCROOT}/Pods/Target Support Files/Pods-PawTrailsTests/Pods-PawTrailsTests-frameworks.sh\"\n";
			showEnvVarsInLog = 0;
		};
		40EE3AB9E61FBE7E41A589E5 /* [CP] Check Pods Manifest.lock */ = {
			isa = PBXShellScriptBuildPhase;
			buildActionMask = 2147483647;
			files = (
			);
			inputPaths = (
			);
			name = "[CP] Check Pods Manifest.lock";
			outputPaths = (
			);
			runOnlyForDeploymentPostprocessing = 0;
			shellPath = /bin/sh;
			shellScript = "diff \"${PODS_ROOT}/../Podfile.lock\" \"${PODS_ROOT}/Manifest.lock\" > /dev/null\nif [ $? != 0 ] ; then\n    # print error to STDERR\n    echo \"error: The sandbox is not in sync with the Podfile.lock. Run 'pod install' or update your CocoaPods installation.\" >&2\n    exit 1\nfi\n";
			showEnvVarsInLog = 0;
		};
		44136F081E8429250003B531 /* ShellScript */ = {
			isa = PBXShellScriptBuildPhase;
			buildActionMask = 2147483647;
			files = (
			);
			inputPaths = (
			);
			outputPaths = (
			);
			runOnlyForDeploymentPostprocessing = 0;
			shellPath = /bin/sh;
			shellScript = "\"${PODS_ROOT}/Fabric/run\" e76cedb9a39947937435de66d038998aa19bd740 d8c0f054e2259863ecb27f88ba96c68c04ea392f7493f39457b4532c5e6a7a42";
		};
		7EBF939C6B838E47B68754AC /* [CP] Embed Pods Frameworks */ = {
			isa = PBXShellScriptBuildPhase;
			buildActionMask = 2147483647;
			files = (
			);
			inputPaths = (
			);
			name = "[CP] Embed Pods Frameworks";
			outputPaths = (
			);
			runOnlyForDeploymentPostprocessing = 0;
			shellPath = /bin/sh;
			shellScript = "\"${SRCROOT}/Pods/Target Support Files/Pods-PawTrails/Pods-PawTrails-frameworks.sh\"\n";
			showEnvVarsInLog = 0;
		};
		ADF34283F246893F5EBA2FA0 /* [CP] Copy Pods Resources */ = {
			isa = PBXShellScriptBuildPhase;
			buildActionMask = 2147483647;
			files = (
			);
			inputPaths = (
			);
			name = "[CP] Copy Pods Resources";
			outputPaths = (
			);
			runOnlyForDeploymentPostprocessing = 0;
			shellPath = /bin/sh;
			shellScript = "\"${SRCROOT}/Pods/Target Support Files/Pods-PawTrails/Pods-PawTrails-resources.sh\"\n";
			showEnvVarsInLog = 0;
		};
		EFEEB5B11AFC2F65D691536B /* [CP] Check Pods Manifest.lock */ = {
			isa = PBXShellScriptBuildPhase;
			buildActionMask = 2147483647;
			files = (
			);
			inputPaths = (
			);
			name = "[CP] Check Pods Manifest.lock";
			outputPaths = (
			);
			runOnlyForDeploymentPostprocessing = 0;
			shellPath = /bin/sh;
			shellScript = "diff \"${PODS_ROOT}/../Podfile.lock\" \"${PODS_ROOT}/Manifest.lock\" > /dev/null\nif [ $? != 0 ] ; then\n    # print error to STDERR\n    echo \"error: The sandbox is not in sync with the Podfile.lock. Run 'pod install' or update your CocoaPods installation.\" >&2\n    exit 1\nfi\n";
			showEnvVarsInLog = 0;
		};
/* End PBXShellScriptBuildPhase section */

/* Begin PBXSourcesBuildPhase section */
		4415FF3B1E3B822900A81B13 /* Sources */ = {
			isa = PBXSourcesBuildPhase;
			buildActionMask = 2147483647;
			files = (
				44C7F73D1E4CD3AE00171170 /* SocketEnginePacketType.swift in Sources */,
				4440C5CD1E8BA5D0007A13B1 /* ModelExtensions.swift in Sources */,
				447440E61E8400CF0069EA85 /* SettingsTableViewController.swift in Sources */,
				44C7F74C1E4CD3AE00171170 /* SocketTypes.swift in Sources */,
				44C7F7461E4CD3AE00171170 /* SocketIOClientSpec.swift in Sources */,
				4479051C1E5744A800A49AB3 /* PhoneTableViewController.swift in Sources */,
				44C7F7481E4CD3AE00171170 /* SocketLogger.swift in Sources */,
				444ACEFC1E894AF500A9A086 /* EmailVerificationViewController.swift in Sources */,
				44C7F7581E4CD43A00171170 /* PasswordRecoveryPresenter.swift in Sources */,
				44498DFD1E4DBE6700F6D761 /* ChangePasswordPresenter.swift in Sources */,
				44C7F7391E4CD3AE00171170 /* SocketAnyEvent.swift in Sources */,
				44C7F73E1E4CD3AE00171170 /* SocketEnginePollable.swift in Sources */,
				44C7F73B1E4CD3AE00171170 /* SocketEngine.swift in Sources */,
				44C7F7491E4CD3AE00171170 /* SocketPacket.swift in Sources */,
				443D2C6C1E6D736B00F7ACFA /* LocationManager.swift in Sources */,
				44F8202B1E604C1C00704F75 /* AddChangeDeviceViewController.swift in Sources */,
				44C7F74E1E4CD3AE00171170 /* WebSocket.swift in Sources */,
				44C7F7501E4CD3DA00171170 /* HomePresenter.swift in Sources */,
				440CEE5C1E3B9B1900F58A09 /* HomeViewController.swift in Sources */,
				44C7F71E1E4CD35700171170 /* PasswordRecoveryViewController.swift in Sources */,
				449A978F1E82DAC00032DCE5 /* EmailTableViewController.swift in Sources */,
				447905161E5731F100A49AB3 /* Reachability.swift in Sources */,
				4440C5CF1E8BA64E007A13B1 /* MapExtensions.swift in Sources */,
				44421A2C1E4CB8E7009755BD /* EditProfilePresenter.swift in Sources */,
				44C7F73F1E4CD3AE00171170 /* SocketEngineSpec.swift in Sources */,
				44C7F7541E4CD3F200171170 /* APIManager.swift in Sources */,
				44C7F7371E4CD3AE00171170 /* SocketAckEmitter.swift in Sources */,
				44C7F73A1E4CD3AE00171170 /* SocketClientManager.swift in Sources */,
				4465481E1E5C642000458CB7 /* Extensions.swift in Sources */,
				440CEE5A1E3B9AA300F58A09 /* InitialPresenter.swift in Sources */,
				447440E81E8400EF0069EA85 /* SettingsPresenter.swift in Sources */,
				443D2C6A1E6D721000F7ACFA /* PetManager.swift in Sources */,
				441A0D4D1E55AF5200D02CE4 /* SharedPreferences.swift in Sources */,
				44485F971E51B16500A3C47D /* CoreDataManager.swift in Sources */,
				440BB7601E5DE63B00D2D68B /* SafeZoneViewController.swift in Sources */,
				449A978D1E82DA940032DCE5 /* NameTableViewController.swift in Sources */,
				44C7F74A1E4CD3AE00171170 /* SocketParsable.swift in Sources */,
				447905181E573A4D00A49AB3 /* EditProfileTableViewController.swift in Sources */,
				44457A2E1E5AF31400B43748 /* AddressTableViewController.swift in Sources */,
				4417E7F41E841600007DDD49 /* Gender.swift in Sources */,
				44C7F7381E4CD3AE00171170 /* SocketAckManager.swift in Sources */,
				44C7F74B1E4CD3AE00171170 /* SocketStringReader.swift in Sources */,
				4415FF431E3B822900A81B13 /* AppDelegate.swift in Sources */,
				44C7F7561E4CD3F200171170 /* SocketIOManager.swift in Sources */,
				44485FBF1E52079D00A3C47D /* CVSParser.swift in Sources */,
				440C5E181E701643000C3827 /* EmojiManager.swift in Sources */,
				44C7F7441E4CD3AE00171170 /* SocketIOClientConfiguration.swift in Sources */,
				44B179641E4B787A0070A18B /* Errors.swift in Sources */,
				4440C5CB1E8BA568007A13B1 /* ViewExtensions.swift in Sources */,
				44B179621E4B62690070A18B /* Presenter.swift in Sources */,
				44C7F74D1E4CD3AE00171170 /* SSLSecurity.swift in Sources */,
				44C7F73C1E4CD3AE00171170 /* SocketEngineClient.swift in Sources */,
				44C7F7451E4CD3AE00171170 /* SocketIOClientOption.swift in Sources */,
				44C7F7431E4CD3AE00171170 /* SocketIOClient.swift in Sources */,
				444E00CD1E857B2200CAA250 /* SearchManager.swift in Sources */,
				44F8202D1E6086B100704F75 /* PetProfileViewController.swift in Sources */,
				4479051E1E575A2100A49AB3 /* BirthdayViewController.swift in Sources */,
				440CEE581E3B983700F58A09 /* InitialViewController.swift in Sources */,
				44C7F7411E4CD3AE00171170 /* SocketEventHandler.swift in Sources */,
				449A97911E82DADD0032DCE5 /* GenderTableViewController.swift in Sources */,
				44485F951E51B12800A3C47D /* PawTrails.xcdatamodeld in Sources */,
				44C7F7421E4CD3AE00171170 /* SocketExtensions.swift in Sources */,
				44C7F7551E4CD3F200171170 /* AuthManager.swift in Sources */,
				44FE723D1E4A2EF0007C7E24 /* DataManager.swift in Sources */,
				44C7F7471E4CD3AE00171170 /* SocketIOClientStatus.swift in Sources */,
				446548161E5C5CC900458CB7 /* UserManager.swift in Sources */,
				445A6DC91E896B6F0042736E /* EmailVerificationPresenter.swift in Sources */,
				44C7F7401E4CD3AE00171170 /* SocketEngineWebsocket.swift in Sources */,
				44B179661E4B78EF0070A18B /* Messages.swift in Sources */,
				44498DFF1E4DC03100F6D761 /* ChangePasswordTableViewController.swift in Sources */,
			);
			runOnlyForDeploymentPostprocessing = 0;
		};
		441A0D861E55E9B700D02CE4 /* Sources */ = {
			isa = PBXSourcesBuildPhase;
			buildActionMask = 2147483647;
			files = (
				441A0D951E55E9D100D02CE4 /* APIManagerTests.swift in Sources */,
				444AF1DD1E5F024E00C72034 /* PawTrailsTests.swift in Sources */,
				447753D61E658BE90091DAC5 /* SocketIOTest.swift in Sources */,
				446548221E5C8E9600458CB7 /* DataManagerTest.swift in Sources */,
				441A0D971E55EEB700D02CE4 /* AuthManagerTests.swift in Sources */,
				44F5FB8A1E6481580026D7AF /* UserProfileTests.swift in Sources */,
			);
			runOnlyForDeploymentPostprocessing = 0;
		};
/* End PBXSourcesBuildPhase section */

/* Begin PBXTargetDependency section */
		441A0D901E55E9B700D02CE4 /* PBXTargetDependency */ = {
			isa = PBXTargetDependency;
			target = 4415FF3E1E3B822900A81B13 /* PawTrails */;
			targetProxy = 441A0D8F1E55E9B700D02CE4 /* PBXContainerItemProxy */;
		};
/* End PBXTargetDependency section */

/* Begin PBXVariantGroup section */
		4415FF461E3B822900A81B13 /* Main.storyboard */ = {
			isa = PBXVariantGroup;
			children = (
				4415FF471E3B822900A81B13 /* Base */,
			);
			name = Main.storyboard;
			sourceTree = "<group>";
		};
		44277A0A1E7A987C00B336BD /* LaunchScreen.storyboard */ = {
			isa = PBXVariantGroup;
			children = (
				44277A0B1E7A987C00B336BD /* Base */,
			);
			name = LaunchScreen.storyboard;
			sourceTree = "<group>";
		};
/* End PBXVariantGroup section */

/* Begin XCBuildConfiguration section */
		4415FF651E3B822A00A81B13 /* Debug */ = {
			isa = XCBuildConfiguration;
			buildSettings = {
				ALWAYS_SEARCH_USER_PATHS = NO;
				CLANG_ANALYZER_NONNULL = YES;
				CLANG_CXX_LANGUAGE_STANDARD = "gnu++0x";
				CLANG_CXX_LIBRARY = "libc++";
				CLANG_ENABLE_MODULES = YES;
				CLANG_ENABLE_OBJC_ARC = YES;
				CLANG_WARN_BOOL_CONVERSION = YES;
				CLANG_WARN_CONSTANT_CONVERSION = YES;
				CLANG_WARN_DIRECT_OBJC_ISA_USAGE = YES_ERROR;
				CLANG_WARN_DOCUMENTATION_COMMENTS = YES;
				CLANG_WARN_EMPTY_BODY = YES;
				CLANG_WARN_ENUM_CONVERSION = YES;
				CLANG_WARN_INFINITE_RECURSION = YES;
				CLANG_WARN_INT_CONVERSION = YES;
				CLANG_WARN_OBJC_ROOT_CLASS = YES_ERROR;
				CLANG_WARN_SUSPICIOUS_MOVE = YES;
				CLANG_WARN_UNREACHABLE_CODE = YES;
				CLANG_WARN__DUPLICATE_METHOD_MATCH = YES;
				"CODE_SIGN_IDENTITY[sdk=iphoneos*]" = "iPhone Developer";
				COPY_PHASE_STRIP = NO;
				DEBUG_INFORMATION_FORMAT = dwarf;
				ENABLE_STRICT_OBJC_MSGSEND = YES;
				ENABLE_TESTABILITY = YES;
				GCC_C_LANGUAGE_STANDARD = gnu99;
				GCC_DYNAMIC_NO_PIC = NO;
				GCC_NO_COMMON_BLOCKS = YES;
				GCC_OPTIMIZATION_LEVEL = 0;
				GCC_PREPROCESSOR_DEFINITIONS = (
					"DEBUG=1",
					"$(inherited)",
				);
				GCC_WARN_64_TO_32_BIT_CONVERSION = YES;
				GCC_WARN_ABOUT_RETURN_TYPE = YES_ERROR;
				GCC_WARN_UNDECLARED_SELECTOR = YES;
				GCC_WARN_UNINITIALIZED_AUTOS = YES_AGGRESSIVE;
				GCC_WARN_UNUSED_FUNCTION = YES;
				GCC_WARN_UNUSED_VARIABLE = YES;
				IPHONEOS_DEPLOYMENT_TARGET = 10.2;
				MTL_ENABLE_DEBUG_INFO = YES;
				ONLY_ACTIVE_ARCH = YES;
				SDKROOT = iphoneos;
				SWIFT_ACTIVE_COMPILATION_CONDITIONS = DEBUG;
				SWIFT_OPTIMIZATION_LEVEL = "-Onone";
				TARGETED_DEVICE_FAMILY = "1,2";
			};
			name = Debug;
		};
		4415FF661E3B822A00A81B13 /* Release */ = {
			isa = XCBuildConfiguration;
			buildSettings = {
				ALWAYS_SEARCH_USER_PATHS = NO;
				CLANG_ANALYZER_NONNULL = YES;
				CLANG_CXX_LANGUAGE_STANDARD = "gnu++0x";
				CLANG_CXX_LIBRARY = "libc++";
				CLANG_ENABLE_MODULES = YES;
				CLANG_ENABLE_OBJC_ARC = YES;
				CLANG_WARN_BOOL_CONVERSION = YES;
				CLANG_WARN_CONSTANT_CONVERSION = YES;
				CLANG_WARN_DIRECT_OBJC_ISA_USAGE = YES_ERROR;
				CLANG_WARN_DOCUMENTATION_COMMENTS = YES;
				CLANG_WARN_EMPTY_BODY = YES;
				CLANG_WARN_ENUM_CONVERSION = YES;
				CLANG_WARN_INFINITE_RECURSION = YES;
				CLANG_WARN_INT_CONVERSION = YES;
				CLANG_WARN_OBJC_ROOT_CLASS = YES_ERROR;
				CLANG_WARN_SUSPICIOUS_MOVE = YES;
				CLANG_WARN_UNREACHABLE_CODE = YES;
				CLANG_WARN__DUPLICATE_METHOD_MATCH = YES;
				"CODE_SIGN_IDENTITY[sdk=iphoneos*]" = "iPhone Developer";
				COPY_PHASE_STRIP = NO;
				DEBUG_INFORMATION_FORMAT = "dwarf-with-dsym";
				ENABLE_NS_ASSERTIONS = NO;
				ENABLE_STRICT_OBJC_MSGSEND = YES;
				GCC_C_LANGUAGE_STANDARD = gnu99;
				GCC_NO_COMMON_BLOCKS = YES;
				GCC_WARN_64_TO_32_BIT_CONVERSION = YES;
				GCC_WARN_ABOUT_RETURN_TYPE = YES_ERROR;
				GCC_WARN_UNDECLARED_SELECTOR = YES;
				GCC_WARN_UNINITIALIZED_AUTOS = YES_AGGRESSIVE;
				GCC_WARN_UNUSED_FUNCTION = YES;
				GCC_WARN_UNUSED_VARIABLE = YES;
				IPHONEOS_DEPLOYMENT_TARGET = 10.2;
				MTL_ENABLE_DEBUG_INFO = NO;
				SDKROOT = iphoneos;
				SWIFT_OPTIMIZATION_LEVEL = "-Owholemodule";
				TARGETED_DEVICE_FAMILY = "1,2";
				VALIDATE_PRODUCT = YES;
			};
			name = Release;
		};
		4415FF681E3B822A00A81B13 /* Debug */ = {
			isa = XCBuildConfiguration;
			baseConfigurationReference = 9E19542014392915F71D4DE0 /* Pods-PawTrails.debug.xcconfig */;
			buildSettings = {
				ASSETCATALOG_COMPILER_APPICON_NAME = AppIcon;
				"CODE_SIGN_IDENTITY[sdk=iphoneos*]" = "iPhone Developer";
				DEVELOPMENT_TEAM = 7E2855LEH4;
				ENABLE_BITCODE = YES;
				FRAMEWORK_SEARCH_PATHS = (
					"$(inherited)",
					"$(PROJECT_DIR)",
				);
				INFOPLIST_FILE = "$(SRCROOT)/PawTrails/Info.plist";
				IPHONEOS_DEPLOYMENT_TARGET = 9.0;
				LD_RUNPATH_SEARCH_PATHS = "$(inherited) @executable_path/Frameworks";
				OTHER_SWIFT_FLAGS = "$(inherited) \"-D\" \"COCOAPODS\"";
				PRODUCT_BUNDLE_IDENTIFIER = attitudetech.PawTrails;
				PRODUCT_NAME = "$(TARGET_NAME)";
				SWIFT_OBJC_BRIDGING_HEADER = "";
				SWIFT_TREAT_WARNINGS_AS_ERRORS = YES;
				SWIFT_VERSION = 3.0;
				TARGETED_DEVICE_FAMILY = "1,2";
			};
			name = Debug;
		};
		4415FF691E3B822A00A81B13 /* Release */ = {
			isa = XCBuildConfiguration;
			baseConfigurationReference = F2EB8BB77801CDC1B657190E /* Pods-PawTrails.release.xcconfig */;
			buildSettings = {
				ASSETCATALOG_COMPILER_APPICON_NAME = AppIcon;
				"CODE_SIGN_IDENTITY[sdk=iphoneos*]" = "iPhone Developer";
				DEVELOPMENT_TEAM = 7E2855LEH4;
				ENABLE_BITCODE = YES;
				FRAMEWORK_SEARCH_PATHS = (
					"$(inherited)",
					"$(PROJECT_DIR)",
				);
				INFOPLIST_FILE = "$(SRCROOT)/PawTrails/Info.plist";
				IPHONEOS_DEPLOYMENT_TARGET = 9.0;
				LD_RUNPATH_SEARCH_PATHS = "$(inherited) @executable_path/Frameworks";
				OTHER_SWIFT_FLAGS = "$(inherited) \"-D\" \"COCOAPODS\"";
				PRODUCT_BUNDLE_IDENTIFIER = attitudetech.PawTrails;
				PRODUCT_NAME = "$(TARGET_NAME)";
				SWIFT_OBJC_BRIDGING_HEADER = "";
				SWIFT_TREAT_WARNINGS_AS_ERRORS = YES;
				SWIFT_VERSION = 3.0;
				TARGETED_DEVICE_FAMILY = "1,2";
			};
			name = Release;
		};
		441A0D921E55E9B700D02CE4 /* Debug */ = {
			isa = XCBuildConfiguration;
			baseConfigurationReference = 4D52BC7BE2AEDBF19B3D09AB /* Pods-PawTrailsTests.debug.xcconfig */;
			buildSettings = {
				BUNDLE_LOADER = "$(TEST_HOST)";
				DEVELOPMENT_TEAM = 7E2855LEH4;
				FRAMEWORK_SEARCH_PATHS = (
					"$(inherited)",
					"$(PROJECT_DIR)",
				);
				INFOPLIST_FILE = SnoutTests/Info.plist;
				LD_RUNPATH_SEARCH_PATHS = "$(inherited) @executable_path/Frameworks @loader_path/Frameworks";
				PRODUCT_BUNDLE_IDENTIFIER = attitudetech.SnoutTests;
				PRODUCT_NAME = "$(TARGET_NAME)";
				SWIFT_VERSION = 3.0;
				TEST_HOST = "$(BUILT_PRODUCTS_DIR)/PawTrails.app/PawTrails";
			};
			name = Debug;
		};
		441A0D931E55E9B700D02CE4 /* Release */ = {
			isa = XCBuildConfiguration;
			baseConfigurationReference = 20B5DA5019D7976016EA8DF9 /* Pods-PawTrailsTests.release.xcconfig */;
			buildSettings = {
				BUNDLE_LOADER = "$(TEST_HOST)";
				DEVELOPMENT_TEAM = 7E2855LEH4;
				FRAMEWORK_SEARCH_PATHS = (
					"$(inherited)",
					"$(PROJECT_DIR)",
				);
				INFOPLIST_FILE = SnoutTests/Info.plist;
				LD_RUNPATH_SEARCH_PATHS = "$(inherited) @executable_path/Frameworks @loader_path/Frameworks";
				PRODUCT_BUNDLE_IDENTIFIER = attitudetech.SnoutTests;
				PRODUCT_NAME = "$(TARGET_NAME)";
				SWIFT_VERSION = 3.0;
				TEST_HOST = "$(BUILT_PRODUCTS_DIR)/PawTrails.app/PawTrails";
			};
			name = Release;
		};
/* End XCBuildConfiguration section */

/* Begin XCConfigurationList section */
		4415FF3A1E3B822900A81B13 /* Build configuration list for PBXProject "PawTrails" */ = {
			isa = XCConfigurationList;
			buildConfigurations = (
				4415FF651E3B822A00A81B13 /* Debug */,
				4415FF661E3B822A00A81B13 /* Release */,
			);
			defaultConfigurationIsVisible = 0;
			defaultConfigurationName = Release;
		};
		4415FF671E3B822A00A81B13 /* Build configuration list for PBXNativeTarget "PawTrails" */ = {
			isa = XCConfigurationList;
			buildConfigurations = (
				4415FF681E3B822A00A81B13 /* Debug */,
				4415FF691E3B822A00A81B13 /* Release */,
			);
			defaultConfigurationIsVisible = 0;
			defaultConfigurationName = Release;
		};
		441A0D911E55E9B700D02CE4 /* Build configuration list for PBXNativeTarget "PawTrailsTests" */ = {
			isa = XCConfigurationList;
			buildConfigurations = (
				441A0D921E55E9B700D02CE4 /* Debug */,
				441A0D931E55E9B700D02CE4 /* Release */,
			);
			defaultConfigurationIsVisible = 0;
			defaultConfigurationName = Release;
		};
/* End XCConfigurationList section */

/* Begin XCVersionGroup section */
		44485F931E51B12800A3C47D /* PawTrails.xcdatamodeld */ = {
			isa = XCVersionGroup;
			children = (
				44485F941E51B12800A3C47D /* PawTrails.xcdatamodel */,
			);
			currentVersion = 44485F941E51B12800A3C47D /* PawTrails.xcdatamodel */;
			name = PawTrails.xcdatamodeld;
			path = Model/PawTrails.xcdatamodeld;
			sourceTree = "<group>";
			versionGroupType = wrapper.xcdatamodel;
		};
/* End XCVersionGroup section */
	};
	rootObject = 4415FF371E3B822900A81B13 /* Project object */;
}
