// !$*UTF8*$!
{
	archiveVersion = 1;
	classes = {
	};
	objectVersion = 46;
	objects = {

/* Begin PBXBuildFile section */
		442DCF741E69D0CF005ECF26 /* AppDelegate.swift in Sources */ = {isa = PBXBuildFile; fileRef = 442DCF731E69D0CF005ECF26 /* AppDelegate.swift */; };
		442DCF771E69D0CF005ECF26 /* try2.xcdatamodeld in Sources */ = {isa = PBXBuildFile; fileRef = 442DCF751E69D0CF005ECF26 /* try2.xcdatamodeld */; };
		442DCF791E69D0CF005ECF26 /* MasterViewController.swift in Sources */ = {isa = PBXBuildFile; fileRef = 442DCF781E69D0CF005ECF26 /* MasterViewController.swift */; };
		442DCF7B1E69D0CF005ECF26 /* DetailViewController.swift in Sources */ = {isa = PBXBuildFile; fileRef = 442DCF7A1E69D0CF005ECF26 /* DetailViewController.swift */; };
		442DCF7E1E69D0CF005ECF26 /* Main.storyboard in Resources */ = {isa = PBXBuildFile; fileRef = 442DCF7C1E69D0CF005ECF26 /* Main.storyboard */; };
		442DCF801E69D0CF005ECF26 /* Assets.xcassets in Resources */ = {isa = PBXBuildFile; fileRef = 442DCF7F1E69D0CF005ECF26 /* Assets.xcassets */; };
		442DCF831E69D0CF005ECF26 /* LaunchScreen.storyboard in Resources */ = {isa = PBXBuildFile; fileRef = 442DCF811E69D0CF005ECF26 /* LaunchScreen.storyboard */; };
/* End PBXBuildFile section */

/* Begin PBXFileReference section */
		442DCF701E69D0CF005ECF26 /* try2.app */ = {isa = PBXFileReference; explicitFileType = wrapper.application; includeInIndex = 0; path = try2.app; sourceTree = BUILT_PRODUCTS_DIR; };
		442DCF731E69D0CF005ECF26 /* AppDelegate.swift */ = {isa = PBXFileReference; lastKnownFileType = sourcecode.swift; path = AppDelegate.swift; sourceTree = "<group>"; };
		442DCF761E69D0CF005ECF26 /* try2.xcdatamodel */ = {isa = PBXFileReference; lastKnownFileType = wrapper.xcdatamodel; path = try2.xcdatamodel; sourceTree = "<group>"; };
		442DCF781E69D0CF005ECF26 /* MasterViewController.swift */ = {isa = PBXFileReference; lastKnownFileType = sourcecode.swift; path = MasterViewController.swift; sourceTree = "<group>"; };
		442DCF7A1E69D0CF005ECF26 /* DetailViewController.swift */ = {isa = PBXFileReference; lastKnownFileType = sourcecode.swift; path = DetailViewController.swift; sourceTree = "<group>"; };
		442DCF7D1E69D0CF005ECF26 /* Base */ = {isa = PBXFileReference; lastKnownFileType = file.storyboard; name = Base; path = Base.lproj/Main.storyboard; sourceTree = "<group>"; };
		442DCF7F1E69D0CF005ECF26 /* Assets.xcassets */ = {isa = PBXFileReference; lastKnownFileType = folder.assetcatalog; path = Assets.xcassets; sourceTree = "<group>"; };
		442DCF821E69D0CF005ECF26 /* Base */ = {isa = PBXFileReference; lastKnownFileType = file.storyboard; name = Base; path = Base.lproj/LaunchScreen.storyboard; sourceTree = "<group>"; };
		442DCF841E69D0CF005ECF26 /* Info.plist */ = {isa = PBXFileReference; lastKnownFileType = text.plist.xml; path = Info.plist; sourceTree = "<group>"; };
/* End PBXFileReference section */

/* Begin PBXFrameworksBuildPhase section */
		442DCF6D1E69D0CF005ECF26 /* Frameworks */ = {
			isa = PBXFrameworksBuildPhase;
			buildActionMask = 2147483647;
			files = (
			);
			runOnlyForDeploymentPostprocessing = 0;
		};
/* End PBXFrameworksBuildPhase section */

/* Begin PBXGroup section */
		442DCF671E69D0CF005ECF26 = {
			isa = PBXGroup;
			children = (
				442DCF721E69D0CF005ECF26 /* try2 */,
				442DCF711E69D0CF005ECF26 /* Products */,
			);
			sourceTree = "<group>";
		};
		442DCF711E69D0CF005ECF26 /* Products */ = {
			isa = PBXGroup;
			children = (
				442DCF701E69D0CF005ECF26 /* try2.app */,
			);
			name = Products;
			sourceTree = "<group>";
		};
		442DCF721E69D0CF005ECF26 /* try2 */ = {
			isa = PBXGroup;
			children = (
				442DCF731E69D0CF005ECF26 /* AppDelegate.swift */,
				442DCF781E69D0CF005ECF26 /* MasterViewController.swift */,
				442DCF7A1E69D0CF005ECF26 /* DetailViewController.swift */,
				442DCF7C1E69D0CF005ECF26 /* Main.storyboard */,
				442DCF7F1E69D0CF005ECF26 /* Assets.xcassets */,
				442DCF811E69D0CF005ECF26 /* LaunchScreen.storyboard */,
				442DCF841E69D0CF005ECF26 /* Info.plist */,
				442DCF751E69D0CF005ECF26 /* try2.xcdatamodeld */,
			);
			path = try2;
			sourceTree = "<group>";
		};
/* End PBXGroup section */

/* Begin PBXNativeTarget section */
		442DCF6F1E69D0CF005ECF26 /* try2 */ = {
			isa = PBXNativeTarget;
			buildConfigurationList = 442DCF871E69D0CF005ECF26 /* Build configuration list for PBXNativeTarget "try2" */;
			buildPhases = (
				442DCF6C1E69D0CF005ECF26 /* Sources */,
				442DCF6D1E69D0CF005ECF26 /* Frameworks */,
				442DCF6E1E69D0CF005ECF26 /* Resources */,
			);
			buildRules = (
			);
			dependencies = (
			);
			name = try2;
			productName = try2;
			productReference = 442DCF701E69D0CF005ECF26 /* try2.app */;
			productType = "com.apple.product-type.application";
		};
/* End PBXNativeTarget section */

/* Begin PBXProject section */
		442DCF681E69D0CF005ECF26 /* Project object */ = {
			isa = PBXProject;
			attributes = {
				LastSwiftUpdateCheck = 0820;
				LastUpgradeCheck = 0820;
				ORGANIZATIONNAME = AttitudeTech;
				TargetAttributes = {
					442DCF6F1E69D0CF005ECF26 = {
						CreatedOnToolsVersion = 8.2.1;
						DevelopmentTeam = DJBJW6R236;
						ProvisioningStyle = Automatic;
					};
				};
			};
			buildConfigurationList = 442DCF6B1E69D0CF005ECF26 /* Build configuration list for PBXProject "try2" */;
			compatibilityVersion = "Xcode 3.2";
			developmentRegion = English;
			hasScannedForEncodings = 0;
			knownRegions = (
				en,
				Base,
			);
			mainGroup = 442DCF671E69D0CF005ECF26;
			productRefGroup = 442DCF711E69D0CF005ECF26 /* Products */;
			projectDirPath = "";
			projectRoot = "";
			targets = (
				442DCF6F1E69D0CF005ECF26 /* try2 */,
			);
		};
/* End PBXProject section */

/* Begin PBXResourcesBuildPhase section */
		442DCF6E1E69D0CF005ECF26 /* Resources */ = {
			isa = PBXResourcesBuildPhase;
			buildActionMask = 2147483647;
			files = (
				442DCF831E69D0CF005ECF26 /* LaunchScreen.storyboard in Resources */,
				442DCF801E69D0CF005ECF26 /* Assets.xcassets in Resources */,
				442DCF7E1E69D0CF005ECF26 /* Main.storyboard in Resources */,
			);
			runOnlyForDeploymentPostprocessing = 0;
		};
/* End PBXResourcesBuildPhase section */

/* Begin PBXSourcesBuildPhase section */
		442DCF6C1E69D0CF005ECF26 /* Sources */ = {
			isa = PBXSourcesBuildPhase;
			buildActionMask = 2147483647;
			files = (
				442DCF771E69D0CF005ECF26 /* try2.xcdatamodeld in Sources */,
				442DCF741E69D0CF005ECF26 /* AppDelegate.swift in Sources */,
				442DCF791E69D0CF005ECF26 /* MasterViewController.swift in Sources */,
				442DCF7B1E69D0CF005ECF26 /* DetailViewController.swift in Sources */,
			);
			runOnlyForDeploymentPostprocessing = 0;
		};
/* End PBXSourcesBuildPhase section */

/* Begin PBXVariantGroup section */
		442DCF7C1E69D0CF005ECF26 /* Main.storyboard */ = {
			isa = PBXVariantGroup;
			children = (
				442DCF7D1E69D0CF005ECF26 /* Base */,
			);
			name = Main.storyboard;
			sourceTree = "<group>";
		};
		442DCF811E69D0CF005ECF26 /* LaunchScreen.storyboard */ = {
			isa = PBXVariantGroup;
			children = (
				442DCF821E69D0CF005ECF26 /* Base */,
			);
			name = LaunchScreen.storyboard;
			sourceTree = "<group>";
		};
/* End PBXVariantGroup section */

/* Begin XCBuildConfiguration section */
		442DCF851E69D0CF005ECF26 /* Debug */ = {
			isa = XCBuildConfiguration;
			buildSettings = {
				ALWAYS_SEARCH_USER_PATHS = NO;
				CLANG_ANALYZER_NONNULL = YES;
				CLANG_CXX_LANGUAGE_STANDARD = "gnu++0x";
				CLANG_CXX_LIBRARY = "libc++";
				CLANG_ENABLE_MODULES = YES;
				CLANG_ENABLE_OBJC_ARC = YES;
				CLANG_WARN_BOOL_CONVERSION = YES;
				CLANG_WARN_CONSTANT_CONVERSION = YES;
				CLANG_WARN_DIRECT_OBJC_ISA_USAGE = YES_ERROR;
				CLANG_WARN_DOCUMENTATION_COMMENTS = YES;
				CLANG_WARN_EMPTY_BODY = YES;
				CLANG_WARN_ENUM_CONVERSION = YES;
				CLANG_WARN_INFINITE_RECURSION = YES;
				CLANG_WARN_INT_CONVERSION = YES;
				CLANG_WARN_OBJC_ROOT_CLASS = YES_ERROR;
				CLANG_WARN_SUSPICIOUS_MOVE = YES;
				CLANG_WARN_UNREACHABLE_CODE = YES;
				CLANG_WARN__DUPLICATE_METHOD_MATCH = YES;
				"CODE_SIGN_IDENTITY[sdk=iphoneos*]" = "iPhone Developer";
				COPY_PHASE_STRIP = NO;
				DEBUG_INFORMATION_FORMAT = dwarf;
				ENABLE_STRICT_OBJC_MSGSEND = YES;
				ENABLE_TESTABILITY = YES;
				GCC_C_LANGUAGE_STANDARD = gnu99;
				GCC_DYNAMIC_NO_PIC = NO;
				GCC_NO_COMMON_BLOCKS = YES;
				GCC_OPTIMIZATION_LEVEL = 0;
				GCC_PREPROCESSOR_DEFINITIONS = (
					"DEBUG=1",
					"$(inherited)",
				);
				GCC_WARN_64_TO_32_BIT_CONVERSION = YES;
				GCC_WARN_ABOUT_RETURN_TYPE = YES_ERROR;
				GCC_WARN_UNDECLARED_SELECTOR = YES;
				GCC_WARN_UNINITIALIZED_AUTOS = YES_AGGRESSIVE;
				GCC_WARN_UNUSED_FUNCTION = YES;
				GCC_WARN_UNUSED_VARIABLE = YES;
				IPHONEOS_DEPLOYMENT_TARGET = 10.2;
				MTL_ENABLE_DEBUG_INFO = YES;
				ONLY_ACTIVE_ARCH = YES;
				SDKROOT = iphoneos;
				SWIFT_ACTIVE_COMPILATION_CONDITIONS = DEBUG;
				SWIFT_OPTIMIZATION_LEVEL = "-Onone";
				TARGETED_DEVICE_FAMILY = "1,2";
			};
			name = Debug;
		};
		442DCF861E69D0CF005ECF26 /* Release */ = {
			isa = XCBuildConfiguration;
			buildSettings = {
				ALWAYS_SEARCH_USER_PATHS = NO;
				CLANG_ANALYZER_NONNULL = YES;
				CLANG_CXX_LANGUAGE_STANDARD = "gnu++0x";
				CLANG_CXX_LIBRARY = "libc++";
				CLANG_ENABLE_MODULES = YES;
				CLANG_ENABLE_OBJC_ARC = YES;
				CLANG_WARN_BOOL_CONVERSION = YES;
				CLANG_WARN_CONSTANT_CONVERSION = YES;
				CLANG_WARN_DIRECT_OBJC_ISA_USAGE = YES_ERROR;
				CLANG_WARN_DOCUMENTATION_COMMENTS = YES;
				CLANG_WARN_EMPTY_BODY = YES;
				CLANG_WARN_ENUM_CONVERSION = YES;
				CLANG_WARN_INFINITE_RECURSION = YES;
				CLANG_WARN_INT_CONVERSION = YES;
				CLANG_WARN_OBJC_ROOT_CLASS = YES_ERROR;
				CLANG_WARN_SUSPICIOUS_MOVE = YES;
				CLANG_WARN_UNREACHABLE_CODE = YES;
				CLANG_WARN__DUPLICATE_METHOD_MATCH = YES;
				"CODE_SIGN_IDENTITY[sdk=iphoneos*]" = "iPhone Developer";
				COPY_PHASE_STRIP = NO;
				DEBUG_INFORMATION_FORMAT = "dwarf-with-dsym";
				ENABLE_NS_ASSERTIONS = NO;
				ENABLE_STRICT_OBJC_MSGSEND = YES;
				GCC_C_LANGUAGE_STANDARD = gnu99;
				GCC_NO_COMMON_BLOCKS = YES;
				GCC_WARN_64_TO_32_BIT_CONVERSION = YES;
				GCC_WARN_ABOUT_RETURN_TYPE = YES_ERROR;
				GCC_WARN_UNDECLARED_SELECTOR = YES;
				GCC_WARN_UNINITIALIZED_AUTOS = YES_AGGRESSIVE;
				GCC_WARN_UNUSED_FUNCTION = YES;
				GCC_WARN_UNUSED_VARIABLE = YES;
				IPHONEOS_DEPLOYMENT_TARGET = 10.2;
				MTL_ENABLE_DEBUG_INFO = NO;
				SDKROOT = iphoneos;
				SWIFT_OPTIMIZATION_LEVEL = "-Owholemodule";
				TARGETED_DEVICE_FAMILY = "1,2";
				VALIDATE_PRODUCT = YES;
			};
			name = Release;
		};
		442DCF881E69D0CF005ECF26 /* Debug */ = {
			isa = XCBuildConfiguration;
			buildSettings = {
				ASSETCATALOG_COMPILER_APPICON_NAME = AppIcon;
				DEVELOPMENT_TEAM = DJBJW6R236;
				INFOPLIST_FILE = try2/Info.plist;
				LD_RUNPATH_SEARCH_PATHS = "$(inherited) @executable_path/Frameworks";
				PRODUCT_BUNDLE_IDENTIFIER = attitudetech.try2;
				PRODUCT_NAME = "$(TARGET_NAME)";
				SWIFT_VERSION = 3.0;
			};
			name = Debug;
		};
		442DCF891E69D0CF005ECF26 /* Release */ = {
			isa = XCBuildConfiguration;
			buildSettings = {
				ASSETCATALOG_COMPILER_APPICON_NAME = AppIcon;
				DEVELOPMENT_TEAM = DJBJW6R236;
				INFOPLIST_FILE = try2/Info.plist;
				LD_RUNPATH_SEARCH_PATHS = "$(inherited) @executable_path/Frameworks";
				PRODUCT_BUNDLE_IDENTIFIER = attitudetech.try2;
				PRODUCT_NAME = "$(TARGET_NAME)";
				SWIFT_VERSION = 3.0;
			};
			name = Release;
		};
/* End XCBuildConfiguration section */

/* Begin XCConfigurationList section */
		442DCF6B1E69D0CF005ECF26 /* Build configuration list for PBXProject "try2" */ = {
			isa = XCConfigurationList;
			buildConfigurations = (
				442DCF851E69D0CF005ECF26 /* Debug */,
				442DCF861E69D0CF005ECF26 /* Release */,
			);
			defaultConfigurationIsVisible = 0;
			defaultConfigurationName = Release;
		};
		442DCF871E69D0CF005ECF26 /* Build configuration list for PBXNativeTarget "try2" */ = {
			isa = XCConfigurationList;
			buildConfigurations = (
				442DCF881E69D0CF005ECF26 /* Debug */,
				442DCF891E69D0CF005ECF26 /* Release */,
			);
			defaultConfigurationIsVisible = 0;
		};
/* End XCConfigurationList section */

/* Begin XCVersionGroup section */
		442DCF751E69D0CF005ECF26 /* try2.xcdatamodeld */ = {
			isa = XCVersionGroup;
			children = (
				442DCF761E69D0CF005ECF26 /* try2.xcdatamodel */,
			);
			currentVersion = 442DCF761E69D0CF005ECF26 /* try2.xcdatamodel */;
			path = try2.xcdatamodeld;
			sourceTree = "<group>";
			versionGroupType = wrapper.xcdatamodel;
		};
/* End XCVersionGroup section */
	};
	rootObject = 442DCF681E69D0CF005ECF26 /* Project object */;
}
