// !$*UTF8*$!
{
	archiveVersion = 1;
	classes = {
	};
	objectVersion = 46;
	objects = {

/* Begin PBXBuildFile section */
		440CEE4E1E3B8DC500F58A09 /* RegisterPresenter.swift in Sources */ = {isa = PBXBuildFile; fileRef = 440CEE4D1E3B8DC500F58A09 /* RegisterPresenter.swift */; };
		440CEE501E3B8E7900F58A09 /* RegisterViewController.swift in Sources */ = {isa = PBXBuildFile; fileRef = 440CEE4F1E3B8E7900F58A09 /* RegisterViewController.swift */; };
		440CEE521E3B90B900F58A09 /* ViewUtils.swift in Sources */ = {isa = PBXBuildFile; fileRef = 440CEE511E3B90B900F58A09 /* ViewUtils.swift */; };
		440CEE541E3B93F300F58A09 /* SignInViewController.swift in Sources */ = {isa = PBXBuildFile; fileRef = 440CEE531E3B93F300F58A09 /* SignInViewController.swift */; };
		440CEE561E3B945000F58A09 /* SignInPresenter.swift in Sources */ = {isa = PBXBuildFile; fileRef = 440CEE551E3B945000F58A09 /* SignInPresenter.swift */; };
		440CEE581E3B983700F58A09 /* InitialViewController.swift in Sources */ = {isa = PBXBuildFile; fileRef = 440CEE571E3B983700F58A09 /* InitialViewController.swift */; };
		440CEE5A1E3B9AA300F58A09 /* InitialPresenter.swift in Sources */ = {isa = PBXBuildFile; fileRef = 440CEE591E3B9AA300F58A09 /* InitialPresenter.swift */; };
		440CEE5C1E3B9B1900F58A09 /* HomeViewController.swift in Sources */ = {isa = PBXBuildFile; fileRef = 440CEE5B1E3B9B1900F58A09 /* HomeViewController.swift */; };
		4415FF431E3B822900A81B13 /* AppDelegate.swift in Sources */ = {isa = PBXBuildFile; fileRef = 4415FF421E3B822900A81B13 /* AppDelegate.swift */; };
		4415FF481E3B822900A81B13 /* Main.storyboard in Resources */ = {isa = PBXBuildFile; fileRef = 4415FF461E3B822900A81B13 /* Main.storyboard */; };
		4415FF4A1E3B822900A81B13 /* Assets.xcassets in Resources */ = {isa = PBXBuildFile; fileRef = 4415FF491E3B822900A81B13 /* Assets.xcassets */; };
		4415FF4D1E3B822900A81B13 /* LaunchScreen.storyboard in Resources */ = {isa = PBXBuildFile; fileRef = 4415FF4B1E3B822900A81B13 /* LaunchScreen.storyboard */; };
		441A0D4D1E55AF5200D02CE4 /* SharedPreferences.swift in Sources */ = {isa = PBXBuildFile; fileRef = 441A0D4C1E55AF5200D02CE4 /* SharedPreferences.swift */; };
		441A0D8D1E55E9B700D02CE4 /* SnoutTests.swift in Sources */ = {isa = PBXBuildFile; fileRef = 441A0D8C1E55E9B700D02CE4 /* SnoutTests.swift */; };
		441A0D951E55E9D100D02CE4 /* APIManagerTests.swift in Sources */ = {isa = PBXBuildFile; fileRef = 441A0D941E55E9D100D02CE4 /* APIManagerTests.swift */; };
		441A0D971E55EEB700D02CE4 /* AuthManagerTests.swift in Sources */ = {isa = PBXBuildFile; fileRef = 441A0D961E55EEB700D02CE4 /* AuthManagerTests.swift */; };
		44421A2C1E4CB8E7009755BD /* ProfilePresenter.swift in Sources */ = {isa = PBXBuildFile; fileRef = 44421A2B1E4CB8E7009755BD /* ProfilePresenter.swift */; };
		44421A2E1E4CB9A6009755BD /* EditProfileViewController.swift in Sources */ = {isa = PBXBuildFile; fileRef = 44421A2D1E4CB9A6009755BD /* EditProfileViewController.swift */; };
		44485F951E51B12800A3C47D /* Snout.xcdatamodeld in Sources */ = {isa = PBXBuildFile; fileRef = 44485F931E51B12800A3C47D /* Snout.xcdatamodeld */; };
		44485F971E51B16500A3C47D /* CoreDataManager.swift in Sources */ = {isa = PBXBuildFile; fileRef = 44485F961E51B16500A3C47D /* CoreDataManager.swift */; };
		44485FBD1E52076C00A3C47D /* countrycodes.csv in Resources */ = {isa = PBXBuildFile; fileRef = 44485FBC1E52076C00A3C47D /* countrycodes.csv */; };
		44485FBF1E52079D00A3C47D /* CVSParser.swift in Sources */ = {isa = PBXBuildFile; fileRef = 44485FBE1E52079D00A3C47D /* CVSParser.swift */; };
		44498DFD1E4DBE6700F6D761 /* ChangePasswordPresenter.swift in Sources */ = {isa = PBXBuildFile; fileRef = 44498DFC1E4DBE6700F6D761 /* ChangePasswordPresenter.swift */; };
		44498DFF1E4DC03100F6D761 /* ChangePasswordViewController.swift in Sources */ = {isa = PBXBuildFile; fileRef = 44498DFE1E4DC03100F6D761 /* ChangePasswordViewController.swift */; };
		44498E011E4DCF4300F6D761 /* PetsViewController.swift in Sources */ = {isa = PBXBuildFile; fileRef = 44498E001E4DCF4300F6D761 /* PetsViewController.swift */; };
		44498E031E4DCF8700F6D761 /* PetsPresenter.swift in Sources */ = {isa = PBXBuildFile; fileRef = 44498E021E4DCF8700F6D761 /* PetsPresenter.swift */; };
		447D4C171E44C4F5008F82F4 /* MapKit.framework in Frameworks */ = {isa = PBXBuildFile; fileRef = 447D4C161E44C4F5008F82F4 /* MapKit.framework */; };
		44B179621E4B62690070A18B /* Presenter.swift in Sources */ = {isa = PBXBuildFile; fileRef = 44B179611E4B62690070A18B /* Presenter.swift */; };
		44B179641E4B787A0070A18B /* Errors.swift in Sources */ = {isa = PBXBuildFile; fileRef = 44B179631E4B787A0070A18B /* Errors.swift */; };
		44B179661E4B78EF0070A18B /* Messages.swift in Sources */ = {isa = PBXBuildFile; fileRef = 44B179651E4B78EF0070A18B /* Messages.swift */; };
		44C7F71E1E4CD35700171170 /* PasswordRecoveryViewController.swift in Sources */ = {isa = PBXBuildFile; fileRef = 44C7F71D1E4CD35700171170 /* PasswordRecoveryViewController.swift */; };
		44C7F7371E4CD3AE00171170 /* SocketAckEmitter.swift in Sources */ = {isa = PBXBuildFile; fileRef = 44C7F71F1E4CD3AE00171170 /* SocketAckEmitter.swift */; };
		44C7F7381E4CD3AE00171170 /* SocketAckManager.swift in Sources */ = {isa = PBXBuildFile; fileRef = 44C7F7201E4CD3AE00171170 /* SocketAckManager.swift */; };
		44C7F7391E4CD3AE00171170 /* SocketAnyEvent.swift in Sources */ = {isa = PBXBuildFile; fileRef = 44C7F7211E4CD3AE00171170 /* SocketAnyEvent.swift */; };
		44C7F73A1E4CD3AE00171170 /* SocketClientManager.swift in Sources */ = {isa = PBXBuildFile; fileRef = 44C7F7221E4CD3AE00171170 /* SocketClientManager.swift */; };
		44C7F73B1E4CD3AE00171170 /* SocketEngine.swift in Sources */ = {isa = PBXBuildFile; fileRef = 44C7F7231E4CD3AE00171170 /* SocketEngine.swift */; };
		44C7F73C1E4CD3AE00171170 /* SocketEngineClient.swift in Sources */ = {isa = PBXBuildFile; fileRef = 44C7F7241E4CD3AE00171170 /* SocketEngineClient.swift */; };
		44C7F73D1E4CD3AE00171170 /* SocketEnginePacketType.swift in Sources */ = {isa = PBXBuildFile; fileRef = 44C7F7251E4CD3AE00171170 /* SocketEnginePacketType.swift */; };
		44C7F73E1E4CD3AE00171170 /* SocketEnginePollable.swift in Sources */ = {isa = PBXBuildFile; fileRef = 44C7F7261E4CD3AE00171170 /* SocketEnginePollable.swift */; };
		44C7F73F1E4CD3AE00171170 /* SocketEngineSpec.swift in Sources */ = {isa = PBXBuildFile; fileRef = 44C7F7271E4CD3AE00171170 /* SocketEngineSpec.swift */; };
		44C7F7401E4CD3AE00171170 /* SocketEngineWebsocket.swift in Sources */ = {isa = PBXBuildFile; fileRef = 44C7F7281E4CD3AE00171170 /* SocketEngineWebsocket.swift */; };
		44C7F7411E4CD3AE00171170 /* SocketEventHandler.swift in Sources */ = {isa = PBXBuildFile; fileRef = 44C7F7291E4CD3AE00171170 /* SocketEventHandler.swift */; };
		44C7F7421E4CD3AE00171170 /* SocketExtensions.swift in Sources */ = {isa = PBXBuildFile; fileRef = 44C7F72A1E4CD3AE00171170 /* SocketExtensions.swift */; };
		44C7F7431E4CD3AE00171170 /* SocketIOClient.swift in Sources */ = {isa = PBXBuildFile; fileRef = 44C7F72B1E4CD3AE00171170 /* SocketIOClient.swift */; };
		44C7F7441E4CD3AE00171170 /* SocketIOClientConfiguration.swift in Sources */ = {isa = PBXBuildFile; fileRef = 44C7F72C1E4CD3AE00171170 /* SocketIOClientConfiguration.swift */; };
		44C7F7451E4CD3AE00171170 /* SocketIOClientOption.swift in Sources */ = {isa = PBXBuildFile; fileRef = 44C7F72D1E4CD3AE00171170 /* SocketIOClientOption.swift */; };
		44C7F7461E4CD3AE00171170 /* SocketIOClientSpec.swift in Sources */ = {isa = PBXBuildFile; fileRef = 44C7F72E1E4CD3AE00171170 /* SocketIOClientSpec.swift */; };
		44C7F7471E4CD3AE00171170 /* SocketIOClientStatus.swift in Sources */ = {isa = PBXBuildFile; fileRef = 44C7F72F1E4CD3AE00171170 /* SocketIOClientStatus.swift */; };
		44C7F7481E4CD3AE00171170 /* SocketLogger.swift in Sources */ = {isa = PBXBuildFile; fileRef = 44C7F7301E4CD3AE00171170 /* SocketLogger.swift */; };
		44C7F7491E4CD3AE00171170 /* SocketPacket.swift in Sources */ = {isa = PBXBuildFile; fileRef = 44C7F7311E4CD3AE00171170 /* SocketPacket.swift */; };
		44C7F74A1E4CD3AE00171170 /* SocketParsable.swift in Sources */ = {isa = PBXBuildFile; fileRef = 44C7F7321E4CD3AE00171170 /* SocketParsable.swift */; };
		44C7F74B1E4CD3AE00171170 /* SocketStringReader.swift in Sources */ = {isa = PBXBuildFile; fileRef = 44C7F7331E4CD3AE00171170 /* SocketStringReader.swift */; };
		44C7F74C1E4CD3AE00171170 /* SocketTypes.swift in Sources */ = {isa = PBXBuildFile; fileRef = 44C7F7341E4CD3AE00171170 /* SocketTypes.swift */; };
		44C7F74D1E4CD3AE00171170 /* SSLSecurity.swift in Sources */ = {isa = PBXBuildFile; fileRef = 44C7F7351E4CD3AE00171170 /* SSLSecurity.swift */; };
		44C7F74E1E4CD3AE00171170 /* WebSocket.swift in Sources */ = {isa = PBXBuildFile; fileRef = 44C7F7361E4CD3AE00171170 /* WebSocket.swift */; };
		44C7F7501E4CD3DA00171170 /* HomePresenter.swift in Sources */ = {isa = PBXBuildFile; fileRef = 44C7F74F1E4CD3DA00171170 /* HomePresenter.swift */; };
		44C7F7541E4CD3F200171170 /* APIManager.swift in Sources */ = {isa = PBXBuildFile; fileRef = 44C7F7511E4CD3F200171170 /* APIManager.swift */; };
		44C7F7551E4CD3F200171170 /* AuthManager.swift in Sources */ = {isa = PBXBuildFile; fileRef = 44C7F7521E4CD3F200171170 /* AuthManager.swift */; };
		44C7F7561E4CD3F200171170 /* SocketIOManager.swift in Sources */ = {isa = PBXBuildFile; fileRef = 44C7F7531E4CD3F200171170 /* SocketIOManager.swift */; };
		44C7F7581E4CD43A00171170 /* PasswordRecoveryPresenter.swift in Sources */ = {isa = PBXBuildFile; fileRef = 44C7F7571E4CD43A00171170 /* PasswordRecoveryPresenter.swift */; };
		44F057631E54A728007E9C8F /* Notifier.swift in Sources */ = {isa = PBXBuildFile; fileRef = 44F057621E54A728007E9C8F /* Notifier.swift */; };
		44FE723D1E4A2EF0007C7E24 /* DataManager.swift in Sources */ = {isa = PBXBuildFile; fileRef = 44FE723C1E4A2EF0007C7E24 /* DataManager.swift */; };
		F121E10D3FEC5C03F509590D /* Pods_Snout.framework in Frameworks */ = {isa = PBXBuildFile; fileRef = DE14D5881D717C1DB613D80C /* Pods_Snout.framework */; };
/* End PBXBuildFile section */

/* Begin PBXContainerItemProxy section */
		441A0D8F1E55E9B700D02CE4 /* PBXContainerItemProxy */ = {
			isa = PBXContainerItemProxy;
			containerPortal = 4415FF371E3B822900A81B13 /* Project object */;
			proxyType = 1;
			remoteGlobalIDString = 4415FF3E1E3B822900A81B13;
			remoteInfo = Snout;
		};
/* End PBXContainerItemProxy section */

/* Begin PBXFileReference section */
		0A73582914ED9F8568E503AD /* Pods-SnoutUITests.debug.xcconfig */ = {isa = PBXFileReference; includeInIndex = 1; lastKnownFileType = text.xcconfig; name = "Pods-SnoutUITests.debug.xcconfig"; path = "Pods/Target Support Files/Pods-SnoutUITests/Pods-SnoutUITests.debug.xcconfig"; sourceTree = "<group>"; };
		0B65C38058F1BC2B0701EC19 /* Pods-SnoutUITests.release.xcconfig */ = {isa = PBXFileReference; includeInIndex = 1; lastKnownFileType = text.xcconfig; name = "Pods-SnoutUITests.release.xcconfig"; path = "Pods/Target Support Files/Pods-SnoutUITests/Pods-SnoutUITests.release.xcconfig"; sourceTree = "<group>"; };
		13DA2528FD76C823E7A873C0 /* Pods_SnoutTests.framework */ = {isa = PBXFileReference; explicitFileType = wrapper.framework; includeInIndex = 0; path = Pods_SnoutTests.framework; sourceTree = BUILT_PRODUCTS_DIR; };
		440CEE4D1E3B8DC500F58A09 /* RegisterPresenter.swift */ = {isa = PBXFileReference; fileEncoding = 4; lastKnownFileType = sourcecode.swift; name = RegisterPresenter.swift; path = Presenter/RegisterPresenter.swift; sourceTree = "<group>"; };
		440CEE4F1E3B8E7900F58A09 /* RegisterViewController.swift */ = {isa = PBXFileReference; fileEncoding = 4; lastKnownFileType = sourcecode.swift; name = RegisterViewController.swift; path = View/RegisterViewController.swift; sourceTree = "<group>"; };
		440CEE511E3B90B900F58A09 /* ViewUtils.swift */ = {isa = PBXFileReference; fileEncoding = 4; lastKnownFileType = sourcecode.swift; name = ViewUtils.swift; path = View/ViewUtils.swift; sourceTree = "<group>"; };
		440CEE531E3B93F300F58A09 /* SignInViewController.swift */ = {isa = PBXFileReference; fileEncoding = 4; lastKnownFileType = sourcecode.swift; name = SignInViewController.swift; path = View/SignInViewController.swift; sourceTree = "<group>"; };
		440CEE551E3B945000F58A09 /* SignInPresenter.swift */ = {isa = PBXFileReference; fileEncoding = 4; lastKnownFileType = sourcecode.swift; name = SignInPresenter.swift; path = Presenter/SignInPresenter.swift; sourceTree = "<group>"; };
		440CEE571E3B983700F58A09 /* InitialViewController.swift */ = {isa = PBXFileReference; fileEncoding = 4; lastKnownFileType = sourcecode.swift; name = InitialViewController.swift; path = View/InitialViewController.swift; sourceTree = "<group>"; };
		440CEE591E3B9AA300F58A09 /* InitialPresenter.swift */ = {isa = PBXFileReference; fileEncoding = 4; lastKnownFileType = sourcecode.swift; name = InitialPresenter.swift; path = Presenter/InitialPresenter.swift; sourceTree = "<group>"; };
		440CEE5B1E3B9B1900F58A09 /* HomeViewController.swift */ = {isa = PBXFileReference; fileEncoding = 4; lastKnownFileType = sourcecode.swift; name = HomeViewController.swift; path = View/HomeViewController.swift; sourceTree = "<group>"; };
		4415FF3F1E3B822900A81B13 /* Snout.app */ = {isa = PBXFileReference; explicitFileType = wrapper.application; includeInIndex = 0; path = Snout.app; sourceTree = BUILT_PRODUCTS_DIR; };
		4415FF421E3B822900A81B13 /* AppDelegate.swift */ = {isa = PBXFileReference; lastKnownFileType = sourcecode.swift; path = AppDelegate.swift; sourceTree = "<group>"; };
		4415FF471E3B822900A81B13 /* Base */ = {isa = PBXFileReference; lastKnownFileType = file.storyboard; name = Base; path = Base.lproj/Main.storyboard; sourceTree = "<group>"; };
		4415FF491E3B822900A81B13 /* Assets.xcassets */ = {isa = PBXFileReference; lastKnownFileType = folder.assetcatalog; path = Assets.xcassets; sourceTree = "<group>"; };
		4415FF4C1E3B822900A81B13 /* Base */ = {isa = PBXFileReference; lastKnownFileType = file.storyboard; name = Base; path = Base.lproj/LaunchScreen.storyboard; sourceTree = "<group>"; };
		4415FF4E1E3B822900A81B13 /* Info.plist */ = {isa = PBXFileReference; lastKnownFileType = text.plist.xml; path = Info.plist; sourceTree = "<group>"; };
		4415FF571E3B822A00A81B13 /* SnoutTests.swift */ = {isa = PBXFileReference; lastKnownFileType = sourcecode.swift; path = SnoutTests.swift; sourceTree = "<group>"; };
		4415FF591E3B822A00A81B13 /* Info.plist */ = {isa = PBXFileReference; lastKnownFileType = text.plist.xml; path = Info.plist; sourceTree = "<group>"; };
		441A0D4C1E55AF5200D02CE4 /* SharedPreferences.swift */ = {isa = PBXFileReference; fileEncoding = 4; lastKnownFileType = sourcecode.swift; name = SharedPreferences.swift; path = Model/SharedPreferences.swift; sourceTree = "<group>"; };
		441A0D8A1E55E9B700D02CE4 /* SnoutTests.xctest */ = {isa = PBXFileReference; explicitFileType = wrapper.cfbundle; includeInIndex = 0; path = SnoutTests.xctest; sourceTree = BUILT_PRODUCTS_DIR; };
		441A0D8C1E55E9B700D02CE4 /* SnoutTests.swift */ = {isa = PBXFileReference; lastKnownFileType = sourcecode.swift; path = SnoutTests.swift; sourceTree = "<group>"; };
		441A0D8E1E55E9B700D02CE4 /* Info.plist */ = {isa = PBXFileReference; lastKnownFileType = text.plist.xml; path = Info.plist; sourceTree = "<group>"; };
		441A0D941E55E9D100D02CE4 /* APIManagerTests.swift */ = {isa = PBXFileReference; fileEncoding = 4; lastKnownFileType = sourcecode.swift; path = APIManagerTests.swift; sourceTree = "<group>"; };
		441A0D961E55EEB700D02CE4 /* AuthManagerTests.swift */ = {isa = PBXFileReference; fileEncoding = 4; lastKnownFileType = sourcecode.swift; path = AuthManagerTests.swift; sourceTree = "<group>"; };
		44421A2B1E4CB8E7009755BD /* ProfilePresenter.swift */ = {isa = PBXFileReference; fileEncoding = 4; lastKnownFileType = sourcecode.swift; name = ProfilePresenter.swift; path = Presenter/ProfilePresenter.swift; sourceTree = "<group>"; };
		44421A2D1E4CB9A6009755BD /* EditProfileViewController.swift */ = {isa = PBXFileReference; fileEncoding = 4; lastKnownFileType = sourcecode.swift; name = EditProfileViewController.swift; path = View/EditProfileViewController.swift; sourceTree = "<group>"; };
		44485F941E51B12800A3C47D /* Snout.xcdatamodel */ = {isa = PBXFileReference; lastKnownFileType = wrapper.xcdatamodel; path = Snout.xcdatamodel; sourceTree = "<group>"; };
		44485F961E51B16500A3C47D /* CoreDataManager.swift */ = {isa = PBXFileReference; fileEncoding = 4; lastKnownFileType = sourcecode.swift; path = CoreDataManager.swift; sourceTree = "<group>"; };
		44485FBC1E52076C00A3C47D /* countrycodes.csv */ = {isa = PBXFileReference; fileEncoding = 4; lastKnownFileType = text; path = countrycodes.csv; sourceTree = "<group>"; };
		44485FBE1E52079D00A3C47D /* CVSParser.swift */ = {isa = PBXFileReference; fileEncoding = 4; lastKnownFileType = sourcecode.swift; name = CVSParser.swift; path = Model/CVSParser.swift; sourceTree = "<group>"; };
		44498DFC1E4DBE6700F6D761 /* ChangePasswordPresenter.swift */ = {isa = PBXFileReference; fileEncoding = 4; lastKnownFileType = sourcecode.swift; path = ChangePasswordPresenter.swift; sourceTree = "<group>"; };
		44498DFE1E4DC03100F6D761 /* ChangePasswordViewController.swift */ = {isa = PBXFileReference; fileEncoding = 4; lastKnownFileType = sourcecode.swift; name = ChangePasswordViewController.swift; path = View/ChangePasswordViewController.swift; sourceTree = "<group>"; };
		44498E001E4DCF4300F6D761 /* PetsViewController.swift */ = {isa = PBXFileReference; fileEncoding = 4; lastKnownFileType = sourcecode.swift; name = PetsViewController.swift; path = View/PetsViewController.swift; sourceTree = "<group>"; };
		44498E021E4DCF8700F6D761 /* PetsPresenter.swift */ = {isa = PBXFileReference; fileEncoding = 4; lastKnownFileType = sourcecode.swift; name = PetsPresenter.swift; path = Presenter/PetsPresenter.swift; sourceTree = "<group>"; };
		447D4C161E44C4F5008F82F4 /* MapKit.framework */ = {isa = PBXFileReference; lastKnownFileType = wrapper.framework; name = MapKit.framework; path = System/Library/Frameworks/MapKit.framework; sourceTree = SDKROOT; };
		44B179611E4B62690070A18B /* Presenter.swift */ = {isa = PBXFileReference; fileEncoding = 4; lastKnownFileType = sourcecode.swift; name = Presenter.swift; path = Presenter/Presenter.swift; sourceTree = "<group>"; };
		44B179631E4B787A0070A18B /* Errors.swift */ = {isa = PBXFileReference; fileEncoding = 4; lastKnownFileType = sourcecode.swift; name = Errors.swift; path = Model/Errors.swift; sourceTree = "<group>"; };
		44B179651E4B78EF0070A18B /* Messages.swift */ = {isa = PBXFileReference; fileEncoding = 4; lastKnownFileType = sourcecode.swift; name = Messages.swift; path = Model/Messages.swift; sourceTree = "<group>"; };
		44C7F71D1E4CD35700171170 /* PasswordRecoveryViewController.swift */ = {isa = PBXFileReference; fileEncoding = 4; lastKnownFileType = sourcecode.swift; name = PasswordRecoveryViewController.swift; path = View/PasswordRecoveryViewController.swift; sourceTree = "<group>"; };
		44C7F71F1E4CD3AE00171170 /* SocketAckEmitter.swift */ = {isa = PBXFileReference; fileEncoding = 4; lastKnownFileType = sourcecode.swift; name = SocketAckEmitter.swift; path = SocketIO/SocketAckEmitter.swift; sourceTree = "<group>"; };
		44C7F7201E4CD3AE00171170 /* SocketAckManager.swift */ = {isa = PBXFileReference; fileEncoding = 4; lastKnownFileType = sourcecode.swift; name = SocketAckManager.swift; path = SocketIO/SocketAckManager.swift; sourceTree = "<group>"; };
		44C7F7211E4CD3AE00171170 /* SocketAnyEvent.swift */ = {isa = PBXFileReference; fileEncoding = 4; lastKnownFileType = sourcecode.swift; name = SocketAnyEvent.swift; path = SocketIO/SocketAnyEvent.swift; sourceTree = "<group>"; };
		44C7F7221E4CD3AE00171170 /* SocketClientManager.swift */ = {isa = PBXFileReference; fileEncoding = 4; lastKnownFileType = sourcecode.swift; name = SocketClientManager.swift; path = SocketIO/SocketClientManager.swift; sourceTree = "<group>"; };
		44C7F7231E4CD3AE00171170 /* SocketEngine.swift */ = {isa = PBXFileReference; fileEncoding = 4; lastKnownFileType = sourcecode.swift; name = SocketEngine.swift; path = SocketIO/SocketEngine.swift; sourceTree = "<group>"; };
		44C7F7241E4CD3AE00171170 /* SocketEngineClient.swift */ = {isa = PBXFileReference; fileEncoding = 4; lastKnownFileType = sourcecode.swift; name = SocketEngineClient.swift; path = SocketIO/SocketEngineClient.swift; sourceTree = "<group>"; };
		44C7F7251E4CD3AE00171170 /* SocketEnginePacketType.swift */ = {isa = PBXFileReference; fileEncoding = 4; lastKnownFileType = sourcecode.swift; name = SocketEnginePacketType.swift; path = SocketIO/SocketEnginePacketType.swift; sourceTree = "<group>"; };
		44C7F7261E4CD3AE00171170 /* SocketEnginePollable.swift */ = {isa = PBXFileReference; fileEncoding = 4; lastKnownFileType = sourcecode.swift; name = SocketEnginePollable.swift; path = SocketIO/SocketEnginePollable.swift; sourceTree = "<group>"; };
		44C7F7271E4CD3AE00171170 /* SocketEngineSpec.swift */ = {isa = PBXFileReference; fileEncoding = 4; lastKnownFileType = sourcecode.swift; name = SocketEngineSpec.swift; path = SocketIO/SocketEngineSpec.swift; sourceTree = "<group>"; };
		44C7F7281E4CD3AE00171170 /* SocketEngineWebsocket.swift */ = {isa = PBXFileReference; fileEncoding = 4; lastKnownFileType = sourcecode.swift; name = SocketEngineWebsocket.swift; path = SocketIO/SocketEngineWebsocket.swift; sourceTree = "<group>"; };
		44C7F7291E4CD3AE00171170 /* SocketEventHandler.swift */ = {isa = PBXFileReference; fileEncoding = 4; lastKnownFileType = sourcecode.swift; name = SocketEventHandler.swift; path = SocketIO/SocketEventHandler.swift; sourceTree = "<group>"; };
		44C7F72A1E4CD3AE00171170 /* SocketExtensions.swift */ = {isa = PBXFileReference; fileEncoding = 4; lastKnownFileType = sourcecode.swift; name = SocketExtensions.swift; path = SocketIO/SocketExtensions.swift; sourceTree = "<group>"; };
		44C7F72B1E4CD3AE00171170 /* SocketIOClient.swift */ = {isa = PBXFileReference; fileEncoding = 4; lastKnownFileType = sourcecode.swift; name = SocketIOClient.swift; path = SocketIO/SocketIOClient.swift; sourceTree = "<group>"; };
		44C7F72C1E4CD3AE00171170 /* SocketIOClientConfiguration.swift */ = {isa = PBXFileReference; fileEncoding = 4; lastKnownFileType = sourcecode.swift; name = SocketIOClientConfiguration.swift; path = SocketIO/SocketIOClientConfiguration.swift; sourceTree = "<group>"; };
		44C7F72D1E4CD3AE00171170 /* SocketIOClientOption.swift */ = {isa = PBXFileReference; fileEncoding = 4; lastKnownFileType = sourcecode.swift; name = SocketIOClientOption.swift; path = SocketIO/SocketIOClientOption.swift; sourceTree = "<group>"; };
		44C7F72E1E4CD3AE00171170 /* SocketIOClientSpec.swift */ = {isa = PBXFileReference; fileEncoding = 4; lastKnownFileType = sourcecode.swift; name = SocketIOClientSpec.swift; path = SocketIO/SocketIOClientSpec.swift; sourceTree = "<group>"; };
		44C7F72F1E4CD3AE00171170 /* SocketIOClientStatus.swift */ = {isa = PBXFileReference; fileEncoding = 4; lastKnownFileType = sourcecode.swift; name = SocketIOClientStatus.swift; path = SocketIO/SocketIOClientStatus.swift; sourceTree = "<group>"; };
		44C7F7301E4CD3AE00171170 /* SocketLogger.swift */ = {isa = PBXFileReference; fileEncoding = 4; lastKnownFileType = sourcecode.swift; name = SocketLogger.swift; path = SocketIO/SocketLogger.swift; sourceTree = "<group>"; };
		44C7F7311E4CD3AE00171170 /* SocketPacket.swift */ = {isa = PBXFileReference; fileEncoding = 4; lastKnownFileType = sourcecode.swift; name = SocketPacket.swift; path = SocketIO/SocketPacket.swift; sourceTree = "<group>"; };
		44C7F7321E4CD3AE00171170 /* SocketParsable.swift */ = {isa = PBXFileReference; fileEncoding = 4; lastKnownFileType = sourcecode.swift; name = SocketParsable.swift; path = SocketIO/SocketParsable.swift; sourceTree = "<group>"; };
		44C7F7331E4CD3AE00171170 /* SocketStringReader.swift */ = {isa = PBXFileReference; fileEncoding = 4; lastKnownFileType = sourcecode.swift; name = SocketStringReader.swift; path = SocketIO/SocketStringReader.swift; sourceTree = "<group>"; };
		44C7F7341E4CD3AE00171170 /* SocketTypes.swift */ = {isa = PBXFileReference; fileEncoding = 4; lastKnownFileType = sourcecode.swift; name = SocketTypes.swift; path = SocketIO/SocketTypes.swift; sourceTree = "<group>"; };
		44C7F7351E4CD3AE00171170 /* SSLSecurity.swift */ = {isa = PBXFileReference; fileEncoding = 4; lastKnownFileType = sourcecode.swift; name = SSLSecurity.swift; path = SocketIO/SSLSecurity.swift; sourceTree = "<group>"; };
		44C7F7361E4CD3AE00171170 /* WebSocket.swift */ = {isa = PBXFileReference; fileEncoding = 4; lastKnownFileType = sourcecode.swift; name = WebSocket.swift; path = SocketIO/WebSocket.swift; sourceTree = "<group>"; };
		44C7F74F1E4CD3DA00171170 /* HomePresenter.swift */ = {isa = PBXFileReference; fileEncoding = 4; lastKnownFileType = sourcecode.swift; name = HomePresenter.swift; path = Presenter/HomePresenter.swift; sourceTree = "<group>"; };
		44C7F7511E4CD3F200171170 /* APIManager.swift */ = {isa = PBXFileReference; fileEncoding = 4; lastKnownFileType = sourcecode.swift; name = APIManager.swift; path = Model/APIManager.swift; sourceTree = "<group>"; };
		44C7F7521E4CD3F200171170 /* AuthManager.swift */ = {isa = PBXFileReference; fileEncoding = 4; lastKnownFileType = sourcecode.swift; name = AuthManager.swift; path = Model/AuthManager.swift; sourceTree = "<group>"; };
		44C7F7531E4CD3F200171170 /* SocketIOManager.swift */ = {isa = PBXFileReference; fileEncoding = 4; lastKnownFileType = sourcecode.swift; name = SocketIOManager.swift; path = Model/SocketIOManager.swift; sourceTree = "<group>"; };
		44C7F7571E4CD43A00171170 /* PasswordRecoveryPresenter.swift */ = {isa = PBXFileReference; fileEncoding = 4; lastKnownFileType = sourcecode.swift; name = PasswordRecoveryPresenter.swift; path = Presenter/PasswordRecoveryPresenter.swift; sourceTree = "<group>"; };
		44EE013FF109774F72778C25 /* Pods-SnoutTests.release.xcconfig */ = {isa = PBXFileReference; includeInIndex = 1; lastKnownFileType = text.xcconfig; name = "Pods-SnoutTests.release.xcconfig"; path = "Pods/Target Support Files/Pods-SnoutTests/Pods-SnoutTests.release.xcconfig"; sourceTree = "<group>"; };
		44F057621E54A728007E9C8F /* Notifier.swift */ = {isa = PBXFileReference; fileEncoding = 4; lastKnownFileType = sourcecode.swift; name = Notifier.swift; path = View/Notifier.swift; sourceTree = "<group>"; };
		44FE723C1E4A2EF0007C7E24 /* DataManager.swift */ = {isa = PBXFileReference; fileEncoding = 4; lastKnownFileType = sourcecode.swift; name = DataManager.swift; path = Model/DataManager.swift; sourceTree = "<group>"; };
		6256AABC0648D33F7CF8CA44 /* Pods_SnoutUITests.framework */ = {isa = PBXFileReference; explicitFileType = wrapper.framework; includeInIndex = 0; path = Pods_SnoutUITests.framework; sourceTree = BUILT_PRODUCTS_DIR; };
		86F90A5209E8A113FA7E0ED1 /* Pods-Snout.release.xcconfig */ = {isa = PBXFileReference; includeInIndex = 1; lastKnownFileType = text.xcconfig; name = "Pods-Snout.release.xcconfig"; path = "Pods/Target Support Files/Pods-Snout/Pods-Snout.release.xcconfig"; sourceTree = "<group>"; };
		92D110285C06BEFA8BE21E58 /* Pods-SnoutTests.debug.xcconfig */ = {isa = PBXFileReference; includeInIndex = 1; lastKnownFileType = text.xcconfig; name = "Pods-SnoutTests.debug.xcconfig"; path = "Pods/Target Support Files/Pods-SnoutTests/Pods-SnoutTests.debug.xcconfig"; sourceTree = "<group>"; };
		DE14D5881D717C1DB613D80C /* Pods_Snout.framework */ = {isa = PBXFileReference; explicitFileType = wrapper.framework; includeInIndex = 0; path = Pods_Snout.framework; sourceTree = BUILT_PRODUCTS_DIR; };
		F35168446C287CB53BC30BFA /* Pods-Snout.debug.xcconfig */ = {isa = PBXFileReference; includeInIndex = 1; lastKnownFileType = text.xcconfig; name = "Pods-Snout.debug.xcconfig"; path = "Pods/Target Support Files/Pods-Snout/Pods-Snout.debug.xcconfig"; sourceTree = "<group>"; };
/* End PBXFileReference section */

/* Begin PBXFrameworksBuildPhase section */
		4415FF3C1E3B822900A81B13 /* Frameworks */ = {
			isa = PBXFrameworksBuildPhase;
			buildActionMask = 2147483647;
			files = (
				447D4C171E44C4F5008F82F4 /* MapKit.framework in Frameworks */,
				F121E10D3FEC5C03F509590D /* Pods_Snout.framework in Frameworks */,
			);
			runOnlyForDeploymentPostprocessing = 0;
		};
		441A0D871E55E9B700D02CE4 /* Frameworks */ = {
			isa = PBXFrameworksBuildPhase;
			buildActionMask = 2147483647;
			files = (
			);
			runOnlyForDeploymentPostprocessing = 0;
		};
/* End PBXFrameworksBuildPhase section */

/* Begin PBXGroup section */
		440CEE491E3B8D0700F58A09 /* Assets */ = {
			isa = PBXGroup;
			children = (
				4415FF491E3B822900A81B13 /* Assets.xcassets */,
				4415FF4B1E3B822900A81B13 /* LaunchScreen.storyboard */,
				4415FF4E1E3B822900A81B13 /* Info.plist */,
			);
			name = Assets;
			sourceTree = "<group>";
		};
		440CEE4A1E3B8D2500F58A09 /* View */ = {
			isa = PBXGroup;
			children = (
				441A0D4B1E55A5A500D02CE4 /* Auth */,
				440CEE5B1E3B9B1900F58A09 /* HomeViewController.swift */,
				44421A2D1E4CB9A6009755BD /* EditProfileViewController.swift */,
				44498DFE1E4DC03100F6D761 /* ChangePasswordViewController.swift */,
				44498E001E4DCF4300F6D761 /* PetsViewController.swift */,
				440CEE511E3B90B900F58A09 /* ViewUtils.swift */,
				44F057621E54A728007E9C8F /* Notifier.swift */,
			);
			name = View;
			sourceTree = "<group>";
		};
		440CEE4B1E3B8D2C00F58A09 /* Presenter */ = {
			isa = PBXGroup;
			children = (
				44B179611E4B62690070A18B /* Presenter.swift */,
				44C7F74F1E4CD3DA00171170 /* HomePresenter.swift */,
				440CEE591E3B9AA300F58A09 /* InitialPresenter.swift */,
				440CEE4D1E3B8DC500F58A09 /* RegisterPresenter.swift */,
				440CEE551E3B945000F58A09 /* SignInPresenter.swift */,
				44421A2B1E4CB8E7009755BD /* ProfilePresenter.swift */,
				44C7F7571E4CD43A00171170 /* PasswordRecoveryPresenter.swift */,
				44498DFC1E4DBE6700F6D761 /* ChangePasswordPresenter.swift */,
				44498E021E4DCF8700F6D761 /* PetsPresenter.swift */,
			);
			name = Presenter;
			sourceTree = "<group>";
		};
		440CEE4C1E3B8D3D00F58A09 /* Model */ = {
			isa = PBXGroup;
			children = (
				44485FB91E51EFA600A3C47D /* Comunication */,
				44485F931E51B12800A3C47D /* Snout.xcdatamodeld */,
				44C7F7521E4CD3F200171170 /* AuthManager.swift */,
				44FE723C1E4A2EF0007C7E24 /* DataManager.swift */,
				44B179671E4B78FB0070A18B /* Utils */,
			);
			name = Model;
			sourceTree = "<group>";
		};
		4415FF361E3B822900A81B13 = {
			isa = PBXGroup;
			children = (
				4415FF411E3B822900A81B13 /* Snout */,
				441A0D8B1E55E9B700D02CE4 /* SnoutTests */,
				4415FF401E3B822900A81B13 /* Products */,
				91352D1B7E01CC1C0CF51D38 /* Frameworks */,
				641B9CEE287A0C1DD11FF8FC /* Pods */,
			);
			sourceTree = "<group>";
		};
		4415FF401E3B822900A81B13 /* Products */ = {
			isa = PBXGroup;
			children = (
				4415FF3F1E3B822900A81B13 /* Snout.app */,
				441A0D8A1E55E9B700D02CE4 /* SnoutTests.xctest */,
			);
			name = Products;
			sourceTree = "<group>";
		};
		4415FF411E3B822900A81B13 /* Snout */ = {
			isa = PBXGroup;
			children = (
				4415FF461E3B822900A81B13 /* Main.storyboard */,
				4415FF421E3B822900A81B13 /* AppDelegate.swift */,
				440CEE4C1E3B8D3D00F58A09 /* Model */,
				440CEE4A1E3B8D2500F58A09 /* View */,
				440CEE4B1E3B8D2C00F58A09 /* Presenter */,
				440CEE491E3B8D0700F58A09 /* Assets */,
			);
			path = Snout;
			sourceTree = "<group>";
		};
		4415FF561E3B822A00A81B13 /* SnoutTests */ = {
			isa = PBXGroup;
			children = (
				4415FF571E3B822A00A81B13 /* SnoutTests.swift */,
				4415FF591E3B822A00A81B13 /* Info.plist */,
			);
			path = SnoutTests;
			sourceTree = "<group>";
		};
		441A0D4B1E55A5A500D02CE4 /* Auth */ = {
			isa = PBXGroup;
			children = (
				440CEE571E3B983700F58A09 /* InitialViewController.swift */,
				440CEE4F1E3B8E7900F58A09 /* RegisterViewController.swift */,
				440CEE531E3B93F300F58A09 /* SignInViewController.swift */,
				44C7F71D1E4CD35700171170 /* PasswordRecoveryViewController.swift */,
			);
			name = Auth;
			sourceTree = "<group>";
		};
		441A0D8B1E55E9B700D02CE4 /* SnoutTests */ = {
			isa = PBXGroup;
			children = (
				441A0D8C1E55E9B700D02CE4 /* SnoutTests.swift */,
				441A0D8E1E55E9B700D02CE4 /* Info.plist */,
				441A0D941E55E9D100D02CE4 /* APIManagerTests.swift */,
				441A0D961E55EEB700D02CE4 /* AuthManagerTests.swift */,
			);
			path = SnoutTests;
			sourceTree = "<group>";
		};
		44485FB91E51EFA600A3C47D /* Comunication */ = {
			isa = PBXGroup;
			children = (
				44C7F7531E4CD3F200171170 /* SocketIOManager.swift */,
				447D4C151E44BF69008F82F4 /* SocketIO */,
				44C7F7511E4CD3F200171170 /* APIManager.swift */,
				44485F961E51B16500A3C47D /* CoreDataManager.swift */,
			);
			name = Comunication;
			sourceTree = "<group>";
		};
		447D4C151E44BF69008F82F4 /* SocketIO */ = {
			isa = PBXGroup;
			children = (
				44C7F71F1E4CD3AE00171170 /* SocketAckEmitter.swift */,
				44C7F7201E4CD3AE00171170 /* SocketAckManager.swift */,
				44C7F7211E4CD3AE00171170 /* SocketAnyEvent.swift */,
				44C7F7221E4CD3AE00171170 /* SocketClientManager.swift */,
				44C7F7231E4CD3AE00171170 /* SocketEngine.swift */,
				44C7F7241E4CD3AE00171170 /* SocketEngineClient.swift */,
				44C7F7251E4CD3AE00171170 /* SocketEnginePacketType.swift */,
				44C7F7261E4CD3AE00171170 /* SocketEnginePollable.swift */,
				44C7F7271E4CD3AE00171170 /* SocketEngineSpec.swift */,
				44C7F7281E4CD3AE00171170 /* SocketEngineWebsocket.swift */,
				44C7F7291E4CD3AE00171170 /* SocketEventHandler.swift */,
				44C7F72A1E4CD3AE00171170 /* SocketExtensions.swift */,
				44C7F72B1E4CD3AE00171170 /* SocketIOClient.swift */,
				44C7F72C1E4CD3AE00171170 /* SocketIOClientConfiguration.swift */,
				44C7F72D1E4CD3AE00171170 /* SocketIOClientOption.swift */,
				44C7F72E1E4CD3AE00171170 /* SocketIOClientSpec.swift */,
				44C7F72F1E4CD3AE00171170 /* SocketIOClientStatus.swift */,
				44C7F7301E4CD3AE00171170 /* SocketLogger.swift */,
				44C7F7311E4CD3AE00171170 /* SocketPacket.swift */,
				44C7F7321E4CD3AE00171170 /* SocketParsable.swift */,
				44C7F7331E4CD3AE00171170 /* SocketStringReader.swift */,
				44C7F7341E4CD3AE00171170 /* SocketTypes.swift */,
				44C7F7351E4CD3AE00171170 /* SSLSecurity.swift */,
				44C7F7361E4CD3AE00171170 /* WebSocket.swift */,
			);
			name = SocketIO;
			sourceTree = "<group>";
		};
		44B179671E4B78FB0070A18B /* Utils */ = {
			isa = PBXGroup;
			children = (
				44485FBC1E52076C00A3C47D /* countrycodes.csv */,
				44B179631E4B787A0070A18B /* Errors.swift */,
				44B179651E4B78EF0070A18B /* Messages.swift */,
				44485FBE1E52079D00A3C47D /* CVSParser.swift */,
				441A0D4C1E55AF5200D02CE4 /* SharedPreferences.swift */,
			);
			name = Utils;
			sourceTree = "<group>";
		};
		641B9CEE287A0C1DD11FF8FC /* Pods */ = {
			isa = PBXGroup;
			children = (
				F35168446C287CB53BC30BFA /* Pods-Snout.debug.xcconfig */,
				86F90A5209E8A113FA7E0ED1 /* Pods-Snout.release.xcconfig */,
				92D110285C06BEFA8BE21E58 /* Pods-SnoutTests.debug.xcconfig */,
				44EE013FF109774F72778C25 /* Pods-SnoutTests.release.xcconfig */,
				0A73582914ED9F8568E503AD /* Pods-SnoutUITests.debug.xcconfig */,
				0B65C38058F1BC2B0701EC19 /* Pods-SnoutUITests.release.xcconfig */,
			);
			name = Pods;
			sourceTree = "<group>";
		};
		91352D1B7E01CC1C0CF51D38 /* Frameworks */ = {
			isa = PBXGroup;
			children = (
				4415FF561E3B822A00A81B13 /* SnoutTests */,
				447D4C161E44C4F5008F82F4 /* MapKit.framework */,
				DE14D5881D717C1DB613D80C /* Pods_Snout.framework */,
				13DA2528FD76C823E7A873C0 /* Pods_SnoutTests.framework */,
				6256AABC0648D33F7CF8CA44 /* Pods_SnoutUITests.framework */,
			);
			name = Frameworks;
			sourceTree = "<group>";
		};
/* End PBXGroup section */

/* Begin PBXNativeTarget section */
		4415FF3E1E3B822900A81B13 /* Snout */ = {
			isa = PBXNativeTarget;
			buildConfigurationList = 4415FF671E3B822A00A81B13 /* Build configuration list for PBXNativeTarget "Snout" */;
			buildPhases = (
				8AF5FD915C2DF4D9FDA7E9EE /* [CP] Check Pods Manifest.lock */,
				4415FF3B1E3B822900A81B13 /* Sources */,
				4415FF3C1E3B822900A81B13 /* Frameworks */,
				4415FF3D1E3B822900A81B13 /* Resources */,
				781FA3DB6A4B01355A4CDFE5 /* [CP] Embed Pods Frameworks */,
				241DA77305E20C5193A6A533 /* [CP] Copy Pods Resources */,
			);
			buildRules = (
			);
			dependencies = (
			);
			name = Snout;
			productName = Snout;
			productReference = 4415FF3F1E3B822900A81B13 /* Snout.app */;
			productType = "com.apple.product-type.application";
		};
		441A0D891E55E9B700D02CE4 /* SnoutTests */ = {
			isa = PBXNativeTarget;
			buildConfigurationList = 441A0D911E55E9B700D02CE4 /* Build configuration list for PBXNativeTarget "SnoutTests" */;
			buildPhases = (
				441A0D861E55E9B700D02CE4 /* Sources */,
				441A0D871E55E9B700D02CE4 /* Frameworks */,
				441A0D881E55E9B700D02CE4 /* Resources */,
			);
			buildRules = (
			);
			dependencies = (
				441A0D901E55E9B700D02CE4 /* PBXTargetDependency */,
			);
			name = SnoutTests;
			productName = SnoutTests;
			productReference = 441A0D8A1E55E9B700D02CE4 /* SnoutTests.xctest */;
			productType = "com.apple.product-type.bundle.unit-test";
		};
/* End PBXNativeTarget section */

/* Begin PBXProject section */
		4415FF371E3B822900A81B13 /* Project object */ = {
			isa = PBXProject;
			attributes = {
				LastSwiftUpdateCheck = 0820;
				LastUpgradeCheck = 0820;
				ORGANIZATIONNAME = AttitudeTech;
				TargetAttributes = {
					4415FF3E1E3B822900A81B13 = {
						CreatedOnToolsVersion = 8.2.1;
						DevelopmentTeam = DJBJW6R236;
						ProvisioningStyle = Automatic;
						SystemCapabilities = {
							com.apple.Maps.iOS = {
								enabled = 1;
							};
						};
					};
					441A0D891E55E9B700D02CE4 = {
						CreatedOnToolsVersion = 8.2.1;
						DevelopmentTeam = DJBJW6R236;
						ProvisioningStyle = Automatic;
						TestTargetID = 4415FF3E1E3B822900A81B13;
					};
				};
			};
			buildConfigurationList = 4415FF3A1E3B822900A81B13 /* Build configuration list for PBXProject "Snout" */;
			compatibilityVersion = "Xcode 3.2";
			developmentRegion = English;
			hasScannedForEncodings = 0;
			knownRegions = (
				en,
				Base,
			);
			mainGroup = 4415FF361E3B822900A81B13;
			productRefGroup = 4415FF401E3B822900A81B13 /* Products */;
			projectDirPath = "";
			projectRoot = "";
			targets = (
				4415FF3E1E3B822900A81B13 /* Snout */,
				441A0D891E55E9B700D02CE4 /* SnoutTests */,
			);
		};
/* End PBXProject section */

/* Begin PBXResourcesBuildPhase section */
		4415FF3D1E3B822900A81B13 /* Resources */ = {
			isa = PBXResourcesBuildPhase;
			buildActionMask = 2147483647;
			files = (
				4415FF4D1E3B822900A81B13 /* LaunchScreen.storyboard in Resources */,
				4415FF4A1E3B822900A81B13 /* Assets.xcassets in Resources */,
				4415FF481E3B822900A81B13 /* Main.storyboard in Resources */,
				44485FBD1E52076C00A3C47D /* countrycodes.csv in Resources */,
			);
			runOnlyForDeploymentPostprocessing = 0;
		};
		441A0D881E55E9B700D02CE4 /* Resources */ = {
			isa = PBXResourcesBuildPhase;
			buildActionMask = 2147483647;
			files = (
			);
			runOnlyForDeploymentPostprocessing = 0;
		};
/* End PBXResourcesBuildPhase section */

/* Begin PBXShellScriptBuildPhase section */
		241DA77305E20C5193A6A533 /* [CP] Copy Pods Resources */ = {
			isa = PBXShellScriptBuildPhase;
			buildActionMask = 2147483647;
			files = (
			);
			inputPaths = (
			);
			name = "[CP] Copy Pods Resources";
			outputPaths = (
			);
			runOnlyForDeploymentPostprocessing = 0;
			shellPath = /bin/sh;
			shellScript = "\"${SRCROOT}/Pods/Target Support Files/Pods-Snout/Pods-Snout-resources.sh\"\n";
			showEnvVarsInLog = 0;
		};
		781FA3DB6A4B01355A4CDFE5 /* [CP] Embed Pods Frameworks */ = {
			isa = PBXShellScriptBuildPhase;
			buildActionMask = 2147483647;
			files = (
			);
			inputPaths = (
			);
			name = "[CP] Embed Pods Frameworks";
			outputPaths = (
			);
			runOnlyForDeploymentPostprocessing = 0;
			shellPath = /bin/sh;
			shellScript = "\"${SRCROOT}/Pods/Target Support Files/Pods-Snout/Pods-Snout-frameworks.sh\"\n";
			showEnvVarsInLog = 0;
		};
		8AF5FD915C2DF4D9FDA7E9EE /* [CP] Check Pods Manifest.lock */ = {
			isa = PBXShellScriptBuildPhase;
			buildActionMask = 2147483647;
			files = (
			);
			inputPaths = (
			);
			name = "[CP] Check Pods Manifest.lock";
			outputPaths = (
			);
			runOnlyForDeploymentPostprocessing = 0;
			shellPath = /bin/sh;
			shellScript = "diff \"${PODS_ROOT}/../Podfile.lock\" \"${PODS_ROOT}/Manifest.lock\" > /dev/null\nif [ $? != 0 ] ; then\n    # print error to STDERR\n    echo \"error: The sandbox is not in sync with the Podfile.lock. Run 'pod install' or update your CocoaPods installation.\" >&2\n    exit 1\nfi\n";
			showEnvVarsInLog = 0;
		};
/* End PBXShellScriptBuildPhase section */

/* Begin PBXSourcesBuildPhase section */
		4415FF3B1E3B822900A81B13 /* Sources */ = {
			isa = PBXSourcesBuildPhase;
			buildActionMask = 2147483647;
			files = (
				440CEE521E3B90B900F58A09 /* ViewUtils.swift in Sources */,
				44C7F73D1E4CD3AE00171170 /* SocketEnginePacketType.swift in Sources */,
				44C7F74C1E4CD3AE00171170 /* SocketTypes.swift in Sources */,
				44C7F7461E4CD3AE00171170 /* SocketIOClientSpec.swift in Sources */,
				440CEE541E3B93F300F58A09 /* SignInViewController.swift in Sources */,
				440CEE4E1E3B8DC500F58A09 /* RegisterPresenter.swift in Sources */,
				44C7F7481E4CD3AE00171170 /* SocketLogger.swift in Sources */,
				440CEE561E3B945000F58A09 /* SignInPresenter.swift in Sources */,
				44C7F7581E4CD43A00171170 /* PasswordRecoveryPresenter.swift in Sources */,
				44498DFD1E4DBE6700F6D761 /* ChangePasswordPresenter.swift in Sources */,
				44C7F7391E4CD3AE00171170 /* SocketAnyEvent.swift in Sources */,
				44C7F73E1E4CD3AE00171170 /* SocketEnginePollable.swift in Sources */,
				44C7F73B1E4CD3AE00171170 /* SocketEngine.swift in Sources */,
				44C7F7491E4CD3AE00171170 /* SocketPacket.swift in Sources */,
				44C7F74E1E4CD3AE00171170 /* WebSocket.swift in Sources */,
				44C7F7501E4CD3DA00171170 /* HomePresenter.swift in Sources */,
				440CEE5C1E3B9B1900F58A09 /* HomeViewController.swift in Sources */,
				44C7F71E1E4CD35700171170 /* PasswordRecoveryViewController.swift in Sources */,
				44421A2C1E4CB8E7009755BD /* ProfilePresenter.swift in Sources */,
				44C7F73F1E4CD3AE00171170 /* SocketEngineSpec.swift in Sources */,
				44F057631E54A728007E9C8F /* Notifier.swift in Sources */,
				44C7F7541E4CD3F200171170 /* APIManager.swift in Sources */,
				44C7F7371E4CD3AE00171170 /* SocketAckEmitter.swift in Sources */,
				44C7F73A1E4CD3AE00171170 /* SocketClientManager.swift in Sources */,
				440CEE5A1E3B9AA300F58A09 /* InitialPresenter.swift in Sources */,
				441A0D4D1E55AF5200D02CE4 /* SharedPreferences.swift in Sources */,
				44485F971E51B16500A3C47D /* CoreDataManager.swift in Sources */,
				44C7F74A1E4CD3AE00171170 /* SocketParsable.swift in Sources */,
				44C7F7381E4CD3AE00171170 /* SocketAckManager.swift in Sources */,
				44C7F74B1E4CD3AE00171170 /* SocketStringReader.swift in Sources */,
				4415FF431E3B822900A81B13 /* AppDelegate.swift in Sources */,
				44C7F7561E4CD3F200171170 /* SocketIOManager.swift in Sources */,
				44485FBF1E52079D00A3C47D /* CVSParser.swift in Sources */,
				44C7F7441E4CD3AE00171170 /* SocketIOClientConfiguration.swift in Sources */,
				440CEE501E3B8E7900F58A09 /* RegisterViewController.swift in Sources */,
				44B179641E4B787A0070A18B /* Errors.swift in Sources */,
				44B179621E4B62690070A18B /* Presenter.swift in Sources */,
				44C7F74D1E4CD3AE00171170 /* SSLSecurity.swift in Sources */,
				44C7F73C1E4CD3AE00171170 /* SocketEngineClient.swift in Sources */,
				44C7F7451E4CD3AE00171170 /* SocketIOClientOption.swift in Sources */,
				44C7F7431E4CD3AE00171170 /* SocketIOClient.swift in Sources */,
				44498E031E4DCF8700F6D761 /* PetsPresenter.swift in Sources */,
				440CEE581E3B983700F58A09 /* InitialViewController.swift in Sources */,
				44C7F7411E4CD3AE00171170 /* SocketEventHandler.swift in Sources */,
				44485F951E51B12800A3C47D /* Snout.xcdatamodeld in Sources */,
				44C7F7421E4CD3AE00171170 /* SocketExtensions.swift in Sources */,
				44C7F7551E4CD3F200171170 /* AuthManager.swift in Sources */,
				44FE723D1E4A2EF0007C7E24 /* DataManager.swift in Sources */,
				44C7F7471E4CD3AE00171170 /* SocketIOClientStatus.swift in Sources */,
				44C7F7401E4CD3AE00171170 /* SocketEngineWebsocket.swift in Sources */,
				44498E011E4DCF4300F6D761 /* PetsViewController.swift in Sources */,
				44421A2E1E4CB9A6009755BD /* EditProfileViewController.swift in Sources */,
				44B179661E4B78EF0070A18B /* Messages.swift in Sources */,
				44498DFF1E4DC03100F6D761 /* ChangePasswordViewController.swift in Sources */,
			);
			runOnlyForDeploymentPostprocessing = 0;
		};
		441A0D861E55E9B700D02CE4 /* Sources */ = {
			isa = PBXSourcesBuildPhase;
			buildActionMask = 2147483647;
			files = (
				441A0D951E55E9D100D02CE4 /* APIManagerTests.swift in Sources */,
				441A0D971E55EEB700D02CE4 /* AuthManagerTests.swift in Sources */,
				441A0D8D1E55E9B700D02CE4 /* SnoutTests.swift in Sources */,
			);
			runOnlyForDeploymentPostprocessing = 0;
		};
/* End PBXSourcesBuildPhase section */

/* Begin PBXTargetDependency section */
		441A0D901E55E9B700D02CE4 /* PBXTargetDependency */ = {
			isa = PBXTargetDependency;
			target = 4415FF3E1E3B822900A81B13 /* Snout */;
			targetProxy = 441A0D8F1E55E9B700D02CE4 /* PBXContainerItemProxy */;
		};
/* End PBXTargetDependency section */

/* Begin PBXVariantGroup section */
		4415FF461E3B822900A81B13 /* Main.storyboard */ = {
			isa = PBXVariantGroup;
			children = (
				4415FF471E3B822900A81B13 /* Base */,
			);
			name = Main.storyboard;
			sourceTree = "<group>";
		};
		4415FF4B1E3B822900A81B13 /* LaunchScreen.storyboard */ = {
			isa = PBXVariantGroup;
			children = (
				4415FF4C1E3B822900A81B13 /* Base */,
			);
			name = LaunchScreen.storyboard;
			sourceTree = "<group>";
		};
/* End PBXVariantGroup section */

/* Begin XCBuildConfiguration section */
		4415FF651E3B822A00A81B13 /* Debug */ = {
			isa = XCBuildConfiguration;
			buildSettings = {
				ALWAYS_SEARCH_USER_PATHS = NO;
				CLANG_ANALYZER_NONNULL = YES;
				CLANG_CXX_LANGUAGE_STANDARD = "gnu++0x";
				CLANG_CXX_LIBRARY = "libc++";
				CLANG_ENABLE_MODULES = YES;
				CLANG_ENABLE_OBJC_ARC = YES;
				CLANG_WARN_BOOL_CONVERSION = YES;
				CLANG_WARN_CONSTANT_CONVERSION = YES;
				CLANG_WARN_DIRECT_OBJC_ISA_USAGE = YES_ERROR;
				CLANG_WARN_DOCUMENTATION_COMMENTS = YES;
				CLANG_WARN_EMPTY_BODY = YES;
				CLANG_WARN_ENUM_CONVERSION = YES;
				CLANG_WARN_INFINITE_RECURSION = YES;
				CLANG_WARN_INT_CONVERSION = YES;
				CLANG_WARN_OBJC_ROOT_CLASS = YES_ERROR;
				CLANG_WARN_SUSPICIOUS_MOVE = YES;
				CLANG_WARN_UNREACHABLE_CODE = YES;
				CLANG_WARN__DUPLICATE_METHOD_MATCH = YES;
				"CODE_SIGN_IDENTITY[sdk=iphoneos*]" = "iPhone Developer";
				COPY_PHASE_STRIP = NO;
				DEBUG_INFORMATION_FORMAT = dwarf;
				ENABLE_STRICT_OBJC_MSGSEND = YES;
				ENABLE_TESTABILITY = YES;
				GCC_C_LANGUAGE_STANDARD = gnu99;
				GCC_DYNAMIC_NO_PIC = NO;
				GCC_NO_COMMON_BLOCKS = YES;
				GCC_OPTIMIZATION_LEVEL = 0;
				GCC_PREPROCESSOR_DEFINITIONS = (
					"DEBUG=1",
					"$(inherited)",
				);
				GCC_WARN_64_TO_32_BIT_CONVERSION = YES;
				GCC_WARN_ABOUT_RETURN_TYPE = YES_ERROR;
				GCC_WARN_UNDECLARED_SELECTOR = YES;
				GCC_WARN_UNINITIALIZED_AUTOS = YES_AGGRESSIVE;
				GCC_WARN_UNUSED_FUNCTION = YES;
				GCC_WARN_UNUSED_VARIABLE = YES;
				IPHONEOS_DEPLOYMENT_TARGET = 10.2;
				MTL_ENABLE_DEBUG_INFO = YES;
				ONLY_ACTIVE_ARCH = YES;
				SDKROOT = iphoneos;
				SWIFT_ACTIVE_COMPILATION_CONDITIONS = DEBUG;
				SWIFT_OPTIMIZATION_LEVEL = "-Onone";
				TARGETED_DEVICE_FAMILY = "1,2";
			};
			name = Debug;
		};
		4415FF661E3B822A00A81B13 /* Release */ = {
			isa = XCBuildConfiguration;
			buildSettings = {
				ALWAYS_SEARCH_USER_PATHS = NO;
				CLANG_ANALYZER_NONNULL = YES;
				CLANG_CXX_LANGUAGE_STANDARD = "gnu++0x";
				CLANG_CXX_LIBRARY = "libc++";
				CLANG_ENABLE_MODULES = YES;
				CLANG_ENABLE_OBJC_ARC = YES;
				CLANG_WARN_BOOL_CONVERSION = YES;
				CLANG_WARN_CONSTANT_CONVERSION = YES;
				CLANG_WARN_DIRECT_OBJC_ISA_USAGE = YES_ERROR;
				CLANG_WARN_DOCUMENTATION_COMMENTS = YES;
				CLANG_WARN_EMPTY_BODY = YES;
				CLANG_WARN_ENUM_CONVERSION = YES;
				CLANG_WARN_INFINITE_RECURSION = YES;
				CLANG_WARN_INT_CONVERSION = YES;
				CLANG_WARN_OBJC_ROOT_CLASS = YES_ERROR;
				CLANG_WARN_SUSPICIOUS_MOVE = YES;
				CLANG_WARN_UNREACHABLE_CODE = YES;
				CLANG_WARN__DUPLICATE_METHOD_MATCH = YES;
				"CODE_SIGN_IDENTITY[sdk=iphoneos*]" = "iPhone Developer";
				COPY_PHASE_STRIP = NO;
				DEBUG_INFORMATION_FORMAT = "dwarf-with-dsym";
				ENABLE_NS_ASSERTIONS = NO;
				ENABLE_STRICT_OBJC_MSGSEND = YES;
				GCC_C_LANGUAGE_STANDARD = gnu99;
				GCC_NO_COMMON_BLOCKS = YES;
				GCC_WARN_64_TO_32_BIT_CONVERSION = YES;
				GCC_WARN_ABOUT_RETURN_TYPE = YES_ERROR;
				GCC_WARN_UNDECLARED_SELECTOR = YES;
				GCC_WARN_UNINITIALIZED_AUTOS = YES_AGGRESSIVE;
				GCC_WARN_UNUSED_FUNCTION = YES;
				GCC_WARN_UNUSED_VARIABLE = YES;
				IPHONEOS_DEPLOYMENT_TARGET = 10.2;
				MTL_ENABLE_DEBUG_INFO = NO;
				SDKROOT = iphoneos;
				SWIFT_OPTIMIZATION_LEVEL = "-Owholemodule";
				TARGETED_DEVICE_FAMILY = "1,2";
				VALIDATE_PRODUCT = YES;
			};
			name = Release;
		};
		4415FF681E3B822A00A81B13 /* Debug */ = {
			isa = XCBuildConfiguration;
			baseConfigurationReference = F35168446C287CB53BC30BFA /* Pods-Snout.debug.xcconfig */;
			buildSettings = {
				ASSETCATALOG_COMPILER_APPICON_NAME = AppIcon;
				DEVELOPMENT_TEAM = DJBJW6R236;
				ENABLE_BITCODE = YES;
				FRAMEWORK_SEARCH_PATHS = (
					"$(inherited)",
					"$(PROJECT_DIR)",
				);
				INFOPLIST_FILE = Snout/Info.plist;
				IPHONEOS_DEPLOYMENT_TARGET = 9.0;
				LD_RUNPATH_SEARCH_PATHS = "$(inherited) @executable_path/Frameworks";
				PRODUCT_BUNDLE_IDENTIFIER = attitudetech.Snout;
				PRODUCT_NAME = "$(TARGET_NAME)";
				SWIFT_VERSION = 3.0;
			};
			name = Debug;
		};
		4415FF691E3B822A00A81B13 /* Release */ = {
			isa = XCBuildConfiguration;
			baseConfigurationReference = 86F90A5209E8A113FA7E0ED1 /* Pods-Snout.release.xcconfig */;
			buildSettings = {
				ASSETCATALOG_COMPILER_APPICON_NAME = AppIcon;
				DEVELOPMENT_TEAM = DJBJW6R236;
				ENABLE_BITCODE = YES;
				FRAMEWORK_SEARCH_PATHS = (
					"$(inherited)",
					"$(PROJECT_DIR)",
				);
				INFOPLIST_FILE = Snout/Info.plist;
				IPHONEOS_DEPLOYMENT_TARGET = 9.0;
				LD_RUNPATH_SEARCH_PATHS = "$(inherited) @executable_path/Frameworks";
				PRODUCT_BUNDLE_IDENTIFIER = attitudetech.Snout;
				PRODUCT_NAME = "$(TARGET_NAME)";
				SWIFT_VERSION = 3.0;
			};
			name = Release;
		};
		441A0D921E55E9B700D02CE4 /* Debug */ = {
			isa = XCBuildConfiguration;
			buildSettings = {
				BUNDLE_LOADER = "$(TEST_HOST)";
				DEVELOPMENT_TEAM = DJBJW6R236;
				INFOPLIST_FILE = SnoutTests/Info.plist;
				LD_RUNPATH_SEARCH_PATHS = "$(inherited) @executable_path/Frameworks @loader_path/Frameworks";
				PRODUCT_BUNDLE_IDENTIFIER = attitudetech.SnoutTests;
				PRODUCT_NAME = "$(TARGET_NAME)";
				SWIFT_VERSION = 3.0;
				TEST_HOST = "$(BUILT_PRODUCTS_DIR)/Snout.app/Snout";
			};
			name = Debug;
		};
		441A0D931E55E9B700D02CE4 /* Release */ = {
			isa = XCBuildConfiguration;
			buildSettings = {
				BUNDLE_LOADER = "$(TEST_HOST)";
				DEVELOPMENT_TEAM = DJBJW6R236;
				INFOPLIST_FILE = SnoutTests/Info.plist;
				LD_RUNPATH_SEARCH_PATHS = "$(inherited) @executable_path/Frameworks @loader_path/Frameworks";
				PRODUCT_BUNDLE_IDENTIFIER = attitudetech.SnoutTests;
				PRODUCT_NAME = "$(TARGET_NAME)";
				SWIFT_VERSION = 3.0;
				TEST_HOST = "$(BUILT_PRODUCTS_DIR)/Snout.app/Snout";
			};
			name = Release;
		};
/* End XCBuildConfiguration section */

/* Begin XCConfigurationList section */
		4415FF3A1E3B822900A81B13 /* Build configuration list for PBXProject "Snout" */ = {
			isa = XCConfigurationList;
			buildConfigurations = (
				4415FF651E3B822A00A81B13 /* Debug */,
				4415FF661E3B822A00A81B13 /* Release */,
			);
			defaultConfigurationIsVisible = 0;
			defaultConfigurationName = Release;
		};
		4415FF671E3B822A00A81B13 /* Build configuration list for PBXNativeTarget "Snout" */ = {
			isa = XCConfigurationList;
			buildConfigurations = (
				4415FF681E3B822A00A81B13 /* Debug */,
				4415FF691E3B822A00A81B13 /* Release */,
			);
			defaultConfigurationIsVisible = 0;
			defaultConfigurationName = Release;
		};
		441A0D911E55E9B700D02CE4 /* Build configuration list for PBXNativeTarget "SnoutTests" */ = {
			isa = XCConfigurationList;
			buildConfigurations = (
				441A0D921E55E9B700D02CE4 /* Debug */,
				441A0D931E55E9B700D02CE4 /* Release */,
			);
			defaultConfigurationIsVisible = 0;
		};
/* End XCConfigurationList section */

/* Begin XCVersionGroup section */
		44485F931E51B12800A3C47D /* Snout.xcdatamodeld */ = {
			isa = XCVersionGroup;
			children = (
				44485F941E51B12800A3C47D /* Snout.xcdatamodel */,
			);
			currentVersion = 44485F941E51B12800A3C47D /* Snout.xcdatamodel */;
			name = Snout.xcdatamodeld;
			path = Model/Snout.xcdatamodeld;
			sourceTree = "<group>";
			versionGroupType = wrapper.xcdatamodel;
		};
/* End XCVersionGroup section */
	};
	rootObject = 4415FF371E3B822900A81B13 /* Project object */;
}
